// !$*UTF8*$!
{
	archiveVersion = 1;
	classes = {
	};
	objectVersion = 77;
	objects = {

/* Begin PBXContainerItemProxy section */
		3FFCA87F2E29FBB100816693 /* PBXContainerItemProxy */ = {
			isa = PBXContainerItemProxy;
			containerPortal = 3FFCA8602E29FBAF00816693 /* Project object */;
			proxyType = 1;
			remoteGlobalIDString = 3FFCA8672E29FBAF00816693;
			remoteInfo = SegueClass;
		};
		3FFCA8892E29FBB100816693 /* PBXContainerItemProxy */ = {
			isa = PBXContainerItemProxy;
			containerPortal = 3FFCA8602E29FBAF00816693 /* Project object */;
			proxyType = 1;
			remoteGlobalIDString = 3FFCA8672E29FBAF00816693;
			remoteInfo = SegueClass;
		};
/* End PBXContainerItemProxy section */

/* Begin PBXFileReference section */
		3FFCA8682E29FBAF00816693 /* SegueClass.app */ = {isa = PBXFileReference; explicitFileType = wrapper.application; includeInIndex = 0; path = SegueClass.app; sourceTree = BUILT_PRODUCTS_DIR; };
		3FFCA87E2E29FBB100816693 /* SegueClassTests.xctest */ = {isa = PBXFileReference; explicitFileType = wrapper.cfbundle; includeInIndex = 0; path = SegueClassTests.xctest; sourceTree = BUILT_PRODUCTS_DIR; };
		3FFCA8882E29FBB100816693 /* SegueClassUITests.xctest */ = {isa = PBXFileReference; explicitFileType = wrapper.cfbundle; includeInIndex = 0; path = SegueClassUITests.xctest; sourceTree = BUILT_PRODUCTS_DIR; };
/* End PBXFileReference section */

/* Begin PBXFileSystemSynchronizedBuildFileExceptionSet section */
		3FFCA8902E29FBB100816693 /* Exceptions for "SegueClass" folder in "SegueClass" target */ = {
			isa = PBXFileSystemSynchronizedBuildFileExceptionSet;
			membershipExceptions = (
				Info.plist,
			);
			target = 3FFCA8672E29FBAF00816693 /* SegueClass */;
		};
/* End PBXFileSystemSynchronizedBuildFileExceptionSet section */

/* Begin PBXFileSystemSynchronizedRootGroup section */
		3FFCA86A2E29FBAF00816693 /* SegueClass */ = {
			isa = PBXFileSystemSynchronizedRootGroup;
			exceptions = (
				3FFCA8902E29FBB100816693 /* Exceptions for "SegueClass" folder in "SegueClass" target */,
			);
			path = SegueClass;
			sourceTree = "<group>";
		};
		3FFCA8812E29FBB100816693 /* SegueClassTests */ = {
			isa = PBXFileSystemSynchronizedRootGroup;
			path = SegueClassTests;
			sourceTree = "<group>";
		};
		3FFCA88B2E29FBB100816693 /* SegueClassUITests */ = {
			isa = PBXFileSystemSynchronizedRootGroup;
			path = SegueClassUITests;
			sourceTree = "<group>";
		};
/* End PBXFileSystemSynchronizedRootGroup section */

/* Begin PBXFrameworksBuildPhase section */
		3FFCA8652E29FBAF00816693 /* Frameworks */ = {
			isa = PBXFrameworksBuildPhase;
			buildActionMask = 2147483647;
			files = (
			);
			runOnlyForDeploymentPostprocessing = 0;
		};
		3FFCA87B2E29FBB100816693 /* Frameworks */ = {
			isa = PBXFrameworksBuildPhase;
			buildActionMask = 2147483647;
			files = (
			);
			runOnlyForDeploymentPostprocessing = 0;
		};
		3FFCA8852E29FBB100816693 /* Frameworks */ = {
			isa = PBXFrameworksBuildPhase;
			buildActionMask = 2147483647;
			files = (
			);
			runOnlyForDeploymentPostprocessing = 0;
		};
/* End PBXFrameworksBuildPhase section */

/* Begin PBXGroup section */
		3FFCA85F2E29FBAF00816693 = {
			isa = PBXGroup;
			children = (
				3FFCA86A2E29FBAF00816693 /* SegueClass */,
				3FFCA8812E29FBB100816693 /* SegueClassTests */,
				3FFCA88B2E29FBB100816693 /* SegueClassUITests */,
				3FFCA8692E29FBAF00816693 /* Products */,
			);
			sourceTree = "<group>";
		};
		3FFCA8692E29FBAF00816693 /* Products */ = {
			isa = PBXGroup;
			children = (
				3FFCA8682E29FBAF00816693 /* SegueClass.app */,
				3FFCA87E2E29FBB100816693 /* SegueClassTests.xctest */,
				3FFCA8882E29FBB100816693 /* SegueClassUITests.xctest */,
			);
			name = Products;
			sourceTree = "<group>";
		};
/* End PBXGroup section */

/* Begin PBXNativeTarget section */
		3FFCA8672E29FBAF00816693 /* SegueClass */ = {
			isa = PBXNativeTarget;
			buildConfigurationList = 3FFCA8912E29FBB100816693 /* Build configuration list for PBXNativeTarget "SegueClass" */;
			buildPhases = (
				3FFCA8642E29FBAF00816693 /* Sources */,
				3FFCA8652E29FBAF00816693 /* Frameworks */,
				3FFCA8662E29FBAF00816693 /* Resources */,
			);
			buildRules = (
			);
			dependencies = (
			);
			fileSystemSynchronizedGroups = (
				3FFCA86A2E29FBAF00816693 /* SegueClass */,
			);
			name = SegueClass;
			packageProductDependencies = (
			);
			productName = SegueClass;
			productReference = 3FFCA8682E29FBAF00816693 /* SegueClass.app */;
			productType = "com.apple.product-type.application";
		};
		3FFCA87D2E29FBB100816693 /* SegueClassTests */ = {
			isa = PBXNativeTarget;
			buildConfigurationList = 3FFCA8962E29FBB100816693 /* Build configuration list for PBXNativeTarget "SegueClassTests" */;
			buildPhases = (
				3FFCA87A2E29FBB100816693 /* Sources */,
				3FFCA87B2E29FBB100816693 /* Frameworks */,
				3FFCA87C2E29FBB100816693 /* Resources */,
			);
			buildRules = (
			);
			dependencies = (
				3FFCA8802E29FBB100816693 /* PBXTargetDependency */,
			);
			fileSystemSynchronizedGroups = (
				3FFCA8812E29FBB100816693 /* SegueClassTests */,
			);
			name = SegueClassTests;
			packageProductDependencies = (
			);
			productName = SegueClassTests;
			productReference = 3FFCA87E2E29FBB100816693 /* SegueClassTests.xctest */;
			productType = "com.apple.product-type.bundle.unit-test";
		};
		3FFCA8872E29FBB100816693 /* SegueClassUITests */ = {
			isa = PBXNativeTarget;
			buildConfigurationList = 3FFCA8992E29FBB100816693 /* Build configuration list for PBXNativeTarget "SegueClassUITests" */;
			buildPhases = (
				3FFCA8842E29FBB100816693 /* Sources */,
				3FFCA8852E29FBB100816693 /* Frameworks */,
				3FFCA8862E29FBB100816693 /* Resources */,
			);
			buildRules = (
			);
			dependencies = (
				3FFCA88A2E29FBB100816693 /* PBXTargetDependency */,
			);
			fileSystemSynchronizedGroups = (
				3FFCA88B2E29FBB100816693 /* SegueClassUITests */,
			);
			name = SegueClassUITests;
			packageProductDependencies = (
			);
			productName = SegueClassUITests;
			productReference = 3FFCA8882E29FBB100816693 /* SegueClassUITests.xctest */;
			productType = "com.apple.product-type.bundle.ui-testing";
		};
/* End PBXNativeTarget section */

/* Begin PBXProject section */
		3FFCA8602E29FBAF00816693 /* Project object */ = {
			isa = PBXProject;
			attributes = {
				BuildIndependentTargetsInParallel = 1;
				LastSwiftUpdateCheck = 1640;
				LastUpgradeCheck = 1640;
				TargetAttributes = {
					3FFCA8672E29FBAF00816693 = {
						CreatedOnToolsVersion = 16.4;
					};
					3FFCA87D2E29FBB100816693 = {
						CreatedOnToolsVersion = 16.4;
						TestTargetID = 3FFCA8672E29FBAF00816693;
					};
					3FFCA8872E29FBB100816693 = {
						CreatedOnToolsVersion = 16.4;
						TestTargetID = 3FFCA8672E29FBAF00816693;
					};
				};
			};
			buildConfigurationList = 3FFCA8632E29FBAF00816693 /* Build configuration list for PBXProject "SegueClass" */;
			developmentRegion = en;
			hasScannedForEncodings = 0;
			knownRegions = (
				en,
				Base,
			);
			mainGroup = 3FFCA85F2E29FBAF00816693;
			minimizedProjectReferenceProxies = 1;
			preferredProjectObjectVersion = 77;
			productRefGroup = 3FFCA8692E29FBAF00816693 /* Products */;
			projectDirPath = "";
			projectRoot = "";
			targets = (
				3FFCA8672E29FBAF00816693 /* SegueClass */,
				3FFCA87D2E29FBB100816693 /* SegueClassTests */,
				3FFCA8872E29FBB100816693 /* SegueClassUITests */,
			);
		};
/* End PBXProject section */

/* Begin PBXResourcesBuildPhase section */
		3FFCA8662E29FBAF00816693 /* Resources */ = {
			isa = PBXResourcesBuildPhase;
			buildActionMask = 2147483647;
			files = (
			);
			runOnlyForDeploymentPostprocessing = 0;
		};
		3FFCA87C2E29FBB100816693 /* Resources */ = {
			isa = PBXResourcesBuildPhase;
			buildActionMask = 2147483647;
			files = (
			);
			runOnlyForDeploymentPostprocessing = 0;
		};
		3FFCA8862E29FBB100816693 /* Resources */ = {
			isa = PBXResourcesBuildPhase;
			buildActionMask = 2147483647;
			files = (
			);
			runOnlyForDeploymentPostprocessing = 0;
		};
/* End PBXResourcesBuildPhase section */

/* Begin PBXSourcesBuildPhase section */
		3FFCA8642E29FBAF00816693 /* Sources */ = {
			isa = PBXSourcesBuildPhase;
			buildActionMask = 2147483647;
			files = (
			);
			runOnlyForDeploymentPostprocessing = 0;
		};
		3FFCA87A2E29FBB100816693 /* Sources */ = {
			isa = PBXSourcesBuildPhase;
			buildActionMask = 2147483647;
			files = (
			);
			runOnlyForDeploymentPostprocessing = 0;
		};
		3FFCA8842E29FBB100816693 /* Sources */ = {
			isa = PBXSourcesBuildPhase;
			buildActionMask = 2147483647;
			files = (
			);
			runOnlyForDeploymentPostprocessing = 0;
		};
/* End PBXSourcesBuildPhase section */

/* Begin PBXTargetDependency section */
		3FFCA8802E29FBB100816693 /* PBXTargetDependency */ = {
			isa = PBXTargetDependency;
			target = 3FFCA8672E29FBAF00816693 /* SegueClass */;
			targetProxy = 3FFCA87F2E29FBB100816693 /* PBXContainerItemProxy */;
		};
		3FFCA88A2E29FBB100816693 /* PBXTargetDependency */ = {
			isa = PBXTargetDependency;
			target = 3FFCA8672E29FBAF00816693 /* SegueClass */;
			targetProxy = 3FFCA8892E29FBB100816693 /* PBXContainerItemProxy */;
		};
/* End PBXTargetDependency section */

/* Begin XCBuildConfiguration section */
		3FFCA8922E29FBB100816693 /* Debug */ = {
			isa = XCBuildConfiguration;
			buildSettings = {
				ASSETCATALOG_COMPILER_APPICON_NAME = AppIcon;
				ASSETCATALOG_COMPILER_GLOBAL_ACCENT_COLOR_NAME = AccentColor;
				CODE_SIGN_STYLE = Automatic;
				CURRENT_PROJECT_VERSION = 1;
				DEVELOPMENT_TEAM = 846W5YD232;
				GENERATE_INFOPLIST_FILE = YES;
				INFOPLIST_FILE = SegueClass/Info.plist;
				INFOPLIST_KEY_UIApplicationSupportsIndirectInputEvents = YES;
				INFOPLIST_KEY_UILaunchStoryboardName = LaunchScreen;
				INFOPLIST_KEY_UIMainStoryboardFile = Main;
				INFOPLIST_KEY_UISupportedInterfaceOrientations_iPad = "UIInterfaceOrientationPortrait UIInterfaceOrientationPortraitUpsideDown UIInterfaceOrientationLandscapeLeft UIInterfaceOrientationLandscapeRight";
				INFOPLIST_KEY_UISupportedInterfaceOrientations_iPhone = "UIInterfaceOrientationPortrait UIInterfaceOrientationLandscapeLeft UIInterfaceOrientationLandscapeRight";
				LD_RUNPATH_SEARCH_PATHS = (
					"$(inherited)",
					"@executable_path/Frameworks",
				);
				MARKETING_VERSION = 1.0;
				PRODUCT_BUNDLE_IDENTIFIER = Namir.SegueClass;
				PRODUCT_NAME = "$(TARGET_NAME)";
				SWIFT_EMIT_LOC_STRINGS = YES;
				SWIFT_VERSION = 5.0;
				TARGETED_DEVICE_FAMILY = "1,2";
			};
			name = Debug;
		};
		3FFCA8932E29FBB100816693 /* Release */ = {
			isa = XCBuildConfiguration;
			buildSettings = {
				ASSETCATALOG_COMPILER_APPICON_NAME = AppIcon;
				ASSETCATALOG_COMPILER_GLOBAL_ACCENT_COLOR_NAME = AccentColor;
				CODE_SIGN_STYLE = Automatic;
				CURRENT_PROJECT_VERSION = 1;
				DEVELOPMENT_TEAM = 846W5YD232;
				GENERATE_INFOPLIST_FILE = YES;
				INFOPLIST_FILE = SegueClass/Info.plist;
				INFOPLIST_KEY_UIApplicationSupportsIndirectInputEvents = YES;
				INFOPLIST_KEY_UILaunchStoryboardName = LaunchScreen;
				INFOPLIST_KEY_UIMainStoryboardFile = Main;
				INFOPLIST_KEY_UISupportedInterfaceOrientations_iPad = "UIInterfaceOrientationPortrait UIInterfaceOrientationPortraitUpsideDown UIInterfaceOrientationLandscapeLeft UIInterfaceOrientationLandscapeRight";
				INFOPLIST_KEY_UISupportedInterfaceOrientations_iPhone = "UIInterfaceOrientationPortrait UIInterfaceOrientationLandscapeLeft UIInterfaceOrientationLandscapeRight";
				LD_RUNPATH_SEARCH_PATHS = (
					"$(inherited)",
					"@executable_path/Frameworks",
				);
				MARKETING_VERSION = 1.0;
				PRODUCT_BUNDLE_IDENTIFIER = Namir.SegueClass;
				PRODUCT_NAME = "$(TARGET_NAME)";
				SWIFT_EMIT_LOC_STRINGS = YES;
				SWIFT_VERSION = 5.0;
				TARGETED_DEVICE_FAMILY = "1,2";
			};
			name = Release;
		};
		3FFCA8942E29FBB100816693 /* Debug */ = {
			isa = XCBuildConfiguration;
			buildSettings = {
				ALWAYS_SEARCH_USER_PATHS = NO;
				ASSETCATALOG_COMPILER_GENERATE_SWIFT_ASSET_SYMBOL_EXTENSIONS = YES;
				CLANG_ANALYZER_NONNULL = YES;
				CLANG_ANALYZER_NUMBER_OBJECT_CONVERSION = YES_AGGRESSIVE;
				CLANG_CXX_LANGUAGE_STANDARD = "gnu++20";
				CLANG_ENABLE_MODULES = YES;
				CLANG_ENABLE_OBJC_ARC = YES;
				CLANG_ENABLE_OBJC_WEAK = YES;
				CLANG_WARN_BLOCK_CAPTURE_AUTORELEASING = YES;
				CLANG_WARN_BOOL_CONVERSION = YES;
				CLANG_WARN_COMMA = YES;
				CLANG_WARN_CONSTANT_CONVERSION = YES;
				CLANG_WARN_DEPRECATED_OBJC_IMPLEMENTATIONS = YES;
				CLANG_WARN_DIRECT_OBJC_ISA_USAGE = YES_ERROR;
				CLANG_WARN_DOCUMENTATION_COMMENTS = YES;
				CLANG_WARN_EMPTY_BODY = YES;
				CLANG_WARN_ENUM_CONVERSION = YES;
				CLANG_WARN_INFINITE_RECURSION = YES;
				CLANG_WARN_INT_CONVERSION = YES;
				CLANG_WARN_NON_LITERAL_NULL_CONVERSION = YES;
				CLANG_WARN_OBJC_IMPLICIT_RETAIN_SELF = YES;
				CLANG_WARN_OBJC_LITERAL_CONVERSION = YES;
				CLANG_WARN_OBJC_ROOT_CLASS = YES_ERROR;
				CLANG_WARN_QUOTED_INCLUDE_IN_FRAMEWORK_HEADER = YES;
				CLANG_WARN_RANGE_LOOP_ANALYSIS = YES;
				CLANG_WARN_STRICT_PROTOTYPES = YES;
				CLANG_WARN_SUSPICIOUS_MOVE = YES;
				CLANG_WARN_UNGUARDED_AVAILABILITY = YES_AGGRESSIVE;
				CLANG_WARN_UNREACHABLE_CODE = YES;
				CLANG_WARN__DUPLICATE_METHOD_MATCH = YES;
				COPY_PHASE_STRIP = NO;
				DEBUG_INFORMATION_FORMAT = dwarf;
				DEVELOPMENT_TEAM = 846W5YD232;
				ENABLE_STRICT_OBJC_MSGSEND = YES;
				ENABLE_TESTABILITY = YES;
				ENABLE_USER_SCRIPT_SANDBOXING = YES;
				GCC_C_LANGUAGE_STANDARD = gnu17;
				GCC_DYNAMIC_NO_PIC = NO;
				GCC_NO_COMMON_BLOCKS = YES;
				GCC_OPTIMIZATION_LEVEL = 0;
				GCC_PREPROCESSOR_DEFINITIONS = (
					"DEBUG=1",
					"$(inherited)",
				);
				GCC_WARN_64_TO_32_BIT_CONVERSION = YES;
				GCC_WARN_ABOUT_RETURN_TYPE = YES_ERROR;
				GCC_WARN_UNDECLARED_SELECTOR = YES;
				GCC_WARN_UNINITIALIZED_AUTOS = YES_AGGRESSIVE;
				GCC_WARN_UNUSED_FUNCTION = YES;
				GCC_WARN_UNUSED_VARIABLE = YES;
				IPHONEOS_DEPLOYMENT_TARGET = 18.5;
				LOCALIZATION_PREFERS_STRING_CATALOGS = YES;
				MTL_ENABLE_DEBUG_INFO = INCLUDE_SOURCE;
				MTL_FAST_MATH = YES;
				ONLY_ACTIVE_ARCH = YES;
				SDKROOT = iphoneos;
				SWIFT_ACTIVE_COMPILATION_CONDITIONS = "DEBUG $(inherited)";
				SWIFT_OPTIMIZATION_LEVEL = "-Onone";
			};
			name = Debug;
		};
		3FFCA8952E29FBB100816693 /* Release */ = {
			isa = XCBuildConfiguration;
			buildSettings = {
				ALWAYS_SEARCH_USER_PATHS = NO;
				ASSETCATALOG_COMPILER_GENERATE_SWIFT_ASSET_SYMBOL_EXTENSIONS = YES;
				CLANG_ANALYZER_NONNULL = YES;
				CLANG_ANALYZER_NUMBER_OBJECT_CONVERSION = YES_AGGRESSIVE;
				CLANG_CXX_LANGUAGE_STANDARD = "gnu++20";
				CLANG_ENABLE_MODULES = YES;
				CLANG_ENABLE_OBJC_ARC = YES;
				CLANG_ENABLE_OBJC_WEAK = YES;
				CLANG_WARN_BLOCK_CAPTURE_AUTORELEASING = YES;
				CLANG_WARN_BOOL_CONVERSION = YES;
				CLANG_WARN_COMMA = YES;
				CLANG_WARN_CONSTANT_CONVERSION = YES;
				CLANG_WARN_DEPRECATED_OBJC_IMPLEMENTATIONS = YES;
				CLANG_WARN_DIRECT_OBJC_ISA_USAGE = YES_ERROR;
				CLANG_WARN_DOCUMENTATION_COMMENTS = YES;
				CLANG_WARN_EMPTY_BODY = YES;
				CLANG_WARN_ENUM_CONVERSION = YES;
				CLANG_WARN_INFINITE_RECURSION = YES;
				CLANG_WARN_INT_CONVERSION = YES;
				CLANG_WARN_NON_LITERAL_NULL_CONVERSION = YES;
				CLANG_WARN_OBJC_IMPLICIT_RETAIN_SELF = YES;
				CLANG_WARN_OBJC_LITERAL_CONVERSION = YES;
				CLANG_WARN_OBJC_ROOT_CLASS = YES_ERROR;
				CLANG_WARN_QUOTED_INCLUDE_IN_FRAMEWORK_HEADER = YES;
				CLANG_WARN_RANGE_LOOP_ANALYSIS = YES;
				CLANG_WARN_STRICT_PROTOTYPES = YES;
				CLANG_WARN_SUSPICIOUS_MOVE = YES;
				CLANG_WARN_UNGUARDED_AVAILABILITY = YES_AGGRESSIVE;
				CLANG_WARN_UNREACHABLE_CODE = YES;
				CLANG_WARN__DUPLICATE_METHOD_MATCH = YES;
				COPY_PHASE_STRIP = NO;
				DEBUG_INFORMATION_FORMAT = "dwarf-with-dsym";
				DEVELOPMENT_TEAM = 846W5YD232;
				ENABLE_NS_ASSERTIONS = NO;
				ENABLE_STRICT_OBJC_MSGSEND = YES;
				ENABLE_USER_SCRIPT_SANDBOXING = YES;
				GCC_C_LANGUAGE_STANDARD = gnu17;
				GCC_NO_COMMON_BLOCKS = YES;
				GCC_WARN_64_TO_32_BIT_CONVERSION = YES;
				GCC_WARN_ABOUT_RETURN_TYPE = YES_ERROR;
				GCC_WARN_UNDECLARED_SELECTOR = YES;
				GCC_WARN_UNINITIALIZED_AUTOS = YES_AGGRESSIVE;
				GCC_WARN_UNUSED_FUNCTION = YES;
				GCC_WARN_UNUSED_VARIABLE = YES;
				IPHONEOS_DEPLOYMENT_TARGET = 18.5;
				LOCALIZATION_PREFERS_STRING_CATALOGS = YES;
				MTL_ENABLE_DEBUG_INFO = NO;
				MTL_FAST_MATH = YES;
				SDKROOT = iphoneos;
				SWIFT_COMPILATION_MODE = wholemodule;
				VALIDATE_PRODUCT = YES;
			};
			name = Release;
		};
		3FFCA8972E29FBB100816693 /* Debug */ = {
			isa = XCBuildConfiguration;
			buildSettings = {
				BUNDLE_LOADER = "$(TEST_HOST)";
				CODE_SIGN_STYLE = Automatic;
				CURRENT_PROJECT_VERSION = 1;
				DEVELOPMENT_TEAM = 846W5YD232;
				GENERATE_INFOPLIST_FILE = YES;
				IPHONEOS_DEPLOYMENT_TARGET = 18.5;
				MARKETING_VERSION = 1.0;
				PRODUCT_BUNDLE_IDENTIFIER = Namir.SegueClassTests;
				PRODUCT_NAME = "$(TARGET_NAME)";
				SWIFT_EMIT_LOC_STRINGS = NO;
				SWIFT_VERSION = 5.0;
				TARGETED_DEVICE_FAMILY = "1,2";
				TEST_HOST = "$(BUILT_PRODUCTS_DIR)/SegueClass.app/$(BUNDLE_EXECUTABLE_FOLDER_PATH)/SegueClass";
			};
			name = Debug;
		};
		3FFCA8982E29FBB100816693 /* Release */ = {
			isa = XCBuildConfiguration;
			buildSettings = {
				BUNDLE_LOADER = "$(TEST_HOST)";
				CODE_SIGN_STYLE = Automatic;
				CURRENT_PROJECT_VERSION = 1;
				DEVELOPMENT_TEAM = 846W5YD232;
				GENERATE_INFOPLIST_FILE = YES;
				IPHONEOS_DEPLOYMENT_TARGET = 18.5;
				MARKETING_VERSION = 1.0;
				PRODUCT_BUNDLE_IDENTIFIER = Namir.SegueClassTests;
				PRODUCT_NAME = "$(TARGET_NAME)";
				SWIFT_EMIT_LOC_STRINGS = NO;
				SWIFT_VERSION = 5.0;
				TARGETED_DEVICE_FAMILY = "1,2";
				TEST_HOST = "$(BUILT_PRODUCTS_DIR)/SegueClass.app/$(BUNDLE_EXECUTABLE_FOLDER_PATH)/SegueClass";
			};
			name = Release;
		};
		3FFCA89A2E29FBB100816693 /* Debug */ = {
			isa = XCBuildConfiguration;
			buildSettings = {
				CODE_SIGN_STYLE = Automatic;
				CURRENT_PROJECT_VERSION = 1;
				DEVELOPMENT_TEAM = 846W5YD232;
				GENERATE_INFOPLIST_FILE = YES;
				MARKETING_VERSION = 1.0;
				PRODUCT_BUNDLE_IDENTIFIER = Namir.SegueClassUITests;
				PRODUCT_NAME = "$(TARGET_NAME)";
				SWIFT_EMIT_LOC_STRINGS = NO;
				SWIFT_VERSION = 5.0;
				TARGETED_DEVICE_FAMILY = "1,2";
				TEST_TARGET_NAME = SegueClass;
			};
			name = Debug;
		};
		3FFCA89B2E29FBB100816693 /* Release */ = {
			isa = XCBuildConfiguration;
			buildSettings = {
				CODE_SIGN_STYLE = Automatic;
				CURRENT_PROJECT_VERSION = 1;
				DEVELOPMENT_TEAM = 846W5YD232;
				GENERATE_INFOPLIST_FILE = YES;
				MARKETING_VERSION = 1.0;
				PRODUCT_BUNDLE_IDENTIFIER = Namir.SegueClassUITests;
				PRODUCT_NAME = "$(TARGET_NAME)";
				SWIFT_EMIT_LOC_STRINGS = NO;
				SWIFT_VERSION = 5.0;
				TARGETED_DEVICE_FAMILY = "1,2";
				TEST_TARGET_NAME = SegueClass;
			};
			name = Release;
		};
/* End XCBuildConfiguration section */

/* Begin XCConfigurationList section */
		3FFCA8632E29FBAF00816693 /* Build configuration list for PBXProject "SegueClass" */ = {
			isa = XCConfigurationList;
			buildConfigurations = (
				3FFCA8942E29FBB100816693 /* Debug */,
				3FFCA8952E29FBB100816693 /* Release */,
			);
			defaultConfigurationIsVisible = 0;
			defaultConfigurationName = Release;
		};
		3FFCA8912E29FBB100816693 /* Build configuration list for PBXNativeTarget "SegueClass" */ = {
			isa = XCConfigurationList;
			buildConfigurations = (
				3FFCA8922E29FBB100816693 /* Debug */,
				3FFCA8932E29FBB100816693 /* Release */,
			);
			defaultConfigurationIsVisible = 0;
			defaultConfigurationName = Release;
		};
		3FFCA8962E29FBB100816693 /* Build configuration list for PBXNativeTarget "SegueClassTests" */ = {
			isa = XCConfigurationList;
			buildConfigurations = (
				3FFCA8972E29FBB100816693 /* Debug */,
				3FFCA8982E29FBB100816693 /* Release */,
			);
			defaultConfigurationIsVisible = 0;
			defaultConfigurationName = Release;
		};
		3FFCA8992E29FBB100816693 /* Build configuration list for PBXNativeTarget "SegueClassUITests" */ = {
			isa = XCConfigurationList;
			buildConfigurations = (
				3FFCA89A2E29FBB100816693 /* Debug */,
				3FFCA89B2E29FBB100816693 /* Release */,
			);
			defaultConfigurationIsVisible = 0;
			defaultConfigurationName = Release;
		};
/* End XCConfigurationList section */
	};
	rootObject = 3FFCA8602E29FBAF00816693 /* Project object */;
}
