// !$*UTF8*$!
{
	archiveVersion = 1;
	classes = {
	};
	objectVersion = 77;
	objects = {

/* Begin PBXContainerItemProxy section */
		3F1E34E12E4B08410006DFD3 /* PBXContainerItemProxy */ = {
			isa = PBXContainerItemProxy;
			containerPortal = 3F1E34C22E4B08400006DFD3 /* Project object */;
			proxyType = 1;
			remoteGlobalIDString = 3F1E34C92E4B08400006DFD3;
			remoteInfo = "Data_Passing Practice";
		};
		3F1E34EB2E4B08410006DFD3 /* PBXContainerItemProxy */ = {
			isa = PBXContainerItemProxy;
			containerPortal = 3F1E34C22E4B08400006DFD3 /* Project object */;
			proxyType = 1;
			remoteGlobalIDString = 3F1E34C92E4B08400006DFD3;
			remoteInfo = "Data_Passing Practice";
		};
/* End PBXContainerItemProxy section */

/* Begin PBXFileReference section */
		3F1E34CA2E4B08400006DFD3 /* Data_Passing Practice.app */ = {isa = PBXFileReference; explicitFileType = wrapper.application; includeInIndex = 0; path = "Data_Passing Practice.app"; sourceTree = BUILT_PRODUCTS_DIR; };
		3F1E34E02E4B08410006DFD3 /* Data_Passing PracticeTests.xctest */ = {isa = PBXFileReference; explicitFileType = wrapper.cfbundle; includeInIndex = 0; path = "Data_Passing PracticeTests.xctest"; sourceTree = BUILT_PRODUCTS_DIR; };
		3F1E34EA2E4B08410006DFD3 /* Data_Passing PracticeUITests.xctest */ = {isa = PBXFileReference; explicitFileType = wrapper.cfbundle; includeInIndex = 0; path = "Data_Passing PracticeUITests.xctest"; sourceTree = BUILT_PRODUCTS_DIR; };
/* End PBXFileReference section */

/* Begin PBXFileSystemSynchronizedBuildFileExceptionSet section */
		3F1E34F22E4B08410006DFD3 /* Exceptions for "Data_Passing Practice" folder in "Data_Passing Practice" target */ = {
			isa = PBXFileSystemSynchronizedBuildFileExceptionSet;
			membershipExceptions = (
				Info.plist,
			);
			target = 3F1E34C92E4B08400006DFD3 /* Data_Passing Practice */;
		};
/* End PBXFileSystemSynchronizedBuildFileExceptionSet section */

/* Begin PBXFileSystemSynchronizedRootGroup section */
		3F1E34CC2E4B08400006DFD3 /* Data_Passing Practice */ = {
			isa = PBXFileSystemSynchronizedRootGroup;
			exceptions = (
				3F1E34F22E4B08410006DFD3 /* Exceptions for "Data_Passing Practice" folder in "Data_Passing Practice" target */,
			);
			path = "Data_Passing Practice";
			sourceTree = "<group>";
		};
		3F1E34E32E4B08410006DFD3 /* Data_Passing PracticeTests */ = {
			isa = PBXFileSystemSynchronizedRootGroup;
			path = "Data_Passing PracticeTests";
			sourceTree = "<group>";
		};
		3F1E34ED2E4B08410006DFD3 /* Data_Passing PracticeUITests */ = {
			isa = PBXFileSystemSynchronizedRootGroup;
			path = "Data_Passing PracticeUITests";
			sourceTree = "<group>";
		};
/* End PBXFileSystemSynchronizedRootGroup section */

/* Begin PBXFrameworksBuildPhase section */
		3F1E34C72E4B08400006DFD3 /* Frameworks */ = {
			isa = PBXFrameworksBuildPhase;
			buildActionMask = 2147483647;
			files = (
			);
			runOnlyForDeploymentPostprocessing = 0;
		};
		3F1E34DD2E4B08410006DFD3 /* Frameworks */ = {
			isa = PBXFrameworksBuildPhase;
			buildActionMask = 2147483647;
			files = (
			);
			runOnlyForDeploymentPostprocessing = 0;
		};
		3F1E34E72E4B08410006DFD3 /* Frameworks */ = {
			isa = PBXFrameworksBuildPhase;
			buildActionMask = 2147483647;
			files = (
			);
			runOnlyForDeploymentPostprocessing = 0;
		};
/* End PBXFrameworksBuildPhase section */

/* Begin PBXGroup section */
		3F1E34C12E4B08400006DFD3 = {
			isa = PBXGroup;
			children = (
				3F1E34CC2E4B08400006DFD3 /* Data_Passing Practice */,
				3F1E34E32E4B08410006DFD3 /* Data_Passing PracticeTests */,
				3F1E34ED2E4B08410006DFD3 /* Data_Passing PracticeUITests */,
				3F1E34CB2E4B08400006DFD3 /* Products */,
			);
			sourceTree = "<group>";
		};
		3F1E34CB2E4B08400006DFD3 /* Products */ = {
			isa = PBXGroup;
			children = (
				3F1E34CA2E4B08400006DFD3 /* Data_Passing Practice.app */,
				3F1E34E02E4B08410006DFD3 /* Data_Passing PracticeTests.xctest */,
				3F1E34EA2E4B08410006DFD3 /* Data_Passing PracticeUITests.xctest */,
			);
			name = Products;
			sourceTree = "<group>";
		};
/* End PBXGroup section */

/* Begin PBXNativeTarget section */
		3F1E34C92E4B08400006DFD3 /* Data_Passing Practice */ = {
			isa = PBXNativeTarget;
			buildConfigurationList = 3F1E34F32E4B08410006DFD3 /* Build configuration list for PBXNativeTarget "Data_Passing Practice" */;
			buildPhases = (
				3F1E34C62E4B08400006DFD3 /* Sources */,
				3F1E34C72E4B08400006DFD3 /* Frameworks */,
				3F1E34C82E4B08400006DFD3 /* Resources */,
			);
			buildRules = (
			);
			dependencies = (
			);
			fileSystemSynchronizedGroups = (
				3F1E34CC2E4B08400006DFD3 /* Data_Passing Practice */,
			);
			name = "Data_Passing Practice";
			packageProductDependencies = (
			);
			productName = "Data_Passing Practice";
			productReference = 3F1E34CA2E4B08400006DFD3 /* Data_Passing Practice.app */;
			productType = "com.apple.product-type.application";
		};
		3F1E34DF2E4B08410006DFD3 /* Data_Passing PracticeTests */ = {
			isa = PBXNativeTarget;
			buildConfigurationList = 3F1E34F82E4B08410006DFD3 /* Build configuration list for PBXNativeTarget "Data_Passing PracticeTests" */;
			buildPhases = (
				3F1E34DC2E4B08410006DFD3 /* Sources */,
				3F1E34DD2E4B08410006DFD3 /* Frameworks */,
				3F1E34DE2E4B08410006DFD3 /* Resources */,
			);
			buildRules = (
			);
			dependencies = (
				3F1E34E22E4B08410006DFD3 /* PBXTargetDependency */,
			);
			fileSystemSynchronizedGroups = (
				3F1E34E32E4B08410006DFD3 /* Data_Passing PracticeTests */,
			);
			name = "Data_Passing PracticeTests";
			packageProductDependencies = (
			);
			productName = "Data_Passing PracticeTests";
			productReference = 3F1E34E02E4B08410006DFD3 /* Data_Passing PracticeTests.xctest */;
			productType = "com.apple.product-type.bundle.unit-test";
		};
		3F1E34E92E4B08410006DFD3 /* Data_Passing PracticeUITests */ = {
			isa = PBXNativeTarget;
			buildConfigurationList = 3F1E34FB2E4B08410006DFD3 /* Build configuration list for PBXNativeTarget "Data_Passing PracticeUITests" */;
			buildPhases = (
				3F1E34E62E4B08410006DFD3 /* Sources */,
				3F1E34E72E4B08410006DFD3 /* Frameworks */,
				3F1E34E82E4B08410006DFD3 /* Resources */,
			);
			buildRules = (
			);
			dependencies = (
				3F1E34EC2E4B08410006DFD3 /* PBXTargetDependency */,
			);
			fileSystemSynchronizedGroups = (
				3F1E34ED2E4B08410006DFD3 /* Data_Passing PracticeUITests */,
			);
			name = "Data_Passing PracticeUITests";
			packageProductDependencies = (
			);
			productName = "Data_Passing PracticeUITests";
			productReference = 3F1E34EA2E4B08410006DFD3 /* Data_Passing PracticeUITests.xctest */;
			productType = "com.apple.product-type.bundle.ui-testing";
		};
/* End PBXNativeTarget section */

/* Begin PBXProject section */
		3F1E34C22E4B08400006DFD3 /* Project object */ = {
			isa = PBXProject;
			attributes = {
				BuildIndependentTargetsInParallel = 1;
				LastSwiftUpdateCheck = 1640;
				LastUpgradeCheck = 1640;
				TargetAttributes = {
					3F1E34C92E4B08400006DFD3 = {
						CreatedOnToolsVersion = 16.4;
					};
					3F1E34DF2E4B08410006DFD3 = {
						CreatedOnToolsVersion = 16.4;
						TestTargetID = 3F1E34C92E4B08400006DFD3;
					};
					3F1E34E92E4B08410006DFD3 = {
						CreatedOnToolsVersion = 16.4;
						TestTargetID = 3F1E34C92E4B08400006DFD3;
					};
				};
			};
			buildConfigurationList = 3F1E34C52E4B08400006DFD3 /* Build configuration list for PBXProject "Data_Passing Practice" */;
			developmentRegion = en;
			hasScannedForEncodings = 0;
			knownRegions = (
				en,
				Base,
			);
			mainGroup = 3F1E34C12E4B08400006DFD3;
			minimizedProjectReferenceProxies = 1;
			preferredProjectObjectVersion = 77;
			productRefGroup = 3F1E34CB2E4B08400006DFD3 /* Products */;
			projectDirPath = "";
			projectRoot = "";
			targets = (
				3F1E34C92E4B08400006DFD3 /* Data_Passing Practice */,
				3F1E34DF2E4B08410006DFD3 /* Data_Passing PracticeTests */,
				3F1E34E92E4B08410006DFD3 /* Data_Passing PracticeUITests */,
			);
		};
/* End PBXProject section */

/* Begin PBXResourcesBuildPhase section */
		3F1E34C82E4B08400006DFD3 /* Resources */ = {
			isa = PBXResourcesBuildPhase;
			buildActionMask = 2147483647;
			files = (
			);
			runOnlyForDeploymentPostprocessing = 0;
		};
		3F1E34DE2E4B08410006DFD3 /* Resources */ = {
			isa = PBXResourcesBuildPhase;
			buildActionMask = 2147483647;
			files = (
			);
			runOnlyForDeploymentPostprocessing = 0;
		};
		3F1E34E82E4B08410006DFD3 /* Resources */ = {
			isa = PBXResourcesBuildPhase;
			buildActionMask = 2147483647;
			files = (
			);
			runOnlyForDeploymentPostprocessing = 0;
		};
/* End PBXResourcesBuildPhase section */

/* Begin PBXSourcesBuildPhase section */
		3F1E34C62E4B08400006DFD3 /* Sources */ = {
			isa = PBXSourcesBuildPhase;
			buildActionMask = 2147483647;
			files = (
			);
			runOnlyForDeploymentPostprocessing = 0;
		};
		3F1E34DC2E4B08410006DFD3 /* Sources */ = {
			isa = PBXSourcesBuildPhase;
			buildActionMask = 2147483647;
			files = (
			);
			runOnlyForDeploymentPostprocessing = 0;
		};
		3F1E34E62E4B08410006DFD3 /* Sources */ = {
			isa = PBXSourcesBuildPhase;
			buildActionMask = 2147483647;
			files = (
			);
			runOnlyForDeploymentPostprocessing = 0;
		};
/* End PBXSourcesBuildPhase section */

/* Begin PBXTargetDependency section */
		3F1E34E22E4B08410006DFD3 /* PBXTargetDependency */ = {
			isa = PBXTargetDependency;
			target = 3F1E34C92E4B08400006DFD3 /* Data_Passing Practice */;
			targetProxy = 3F1E34E12E4B08410006DFD3 /* PBXContainerItemProxy */;
		};
		3F1E34EC2E4B08410006DFD3 /* PBXTargetDependency */ = {
			isa = PBXTargetDependency;
			target = 3F1E34C92E4B08400006DFD3 /* Data_Passing Practice */;
			targetProxy = 3F1E34EB2E4B08410006DFD3 /* PBXContainerItemProxy */;
		};
/* End PBXTargetDependency section */

/* Begin XCBuildConfiguration section */
		3F1E34F42E4B08410006DFD3 /* Debug */ = {
			isa = XCBuildConfiguration;
			buildSettings = {
				ASSETCATALOG_COMPILER_APPICON_NAME = AppIcon;
				ASSETCATALOG_COMPILER_GLOBAL_ACCENT_COLOR_NAME = AccentColor;
				CODE_SIGN_STYLE = Automatic;
				CURRENT_PROJECT_VERSION = 1;
				DEVELOPMENT_TEAM = 846W5YD232;
				GENERATE_INFOPLIST_FILE = YES;
				INFOPLIST_FILE = "Data_Passing Practice/Info.plist";
				INFOPLIST_KEY_UIApplicationSupportsIndirectInputEvents = YES;
				INFOPLIST_KEY_UILaunchStoryboardName = LaunchScreen;
				INFOPLIST_KEY_UIMainStoryboardFile = Main;
				INFOPLIST_KEY_UISupportedInterfaceOrientations_iPad = "UIInterfaceOrientationPortrait UIInterfaceOrientationPortraitUpsideDown UIInterfaceOrientationLandscapeLeft UIInterfaceOrientationLandscapeRight";
				INFOPLIST_KEY_UISupportedInterfaceOrientations_iPhone = "UIInterfaceOrientationPortrait UIInterfaceOrientationLandscapeLeft UIInterfaceOrientationLandscapeRight";
				LD_RUNPATH_SEARCH_PATHS = (
					"$(inherited)",
					"@executable_path/Frameworks",
				);
				MARKETING_VERSION = 1.0;
				PRODUCT_BUNDLE_IDENTIFIER = "Namir.Data-Passing-Practice";
				PRODUCT_NAME = "$(TARGET_NAME)";
				SWIFT_EMIT_LOC_STRINGS = YES;
				SWIFT_VERSION = 5.0;
				TARGETED_DEVICE_FAMILY = "1,2";
			};
			name = Debug;
		};
		3F1E34F52E4B08410006DFD3 /* Release */ = {
			isa = XCBuildConfiguration;
			buildSettings = {
				ASSETCATALOG_COMPILER_APPICON_NAME = AppIcon;
				ASSETCATALOG_COMPILER_GLOBAL_ACCENT_COLOR_NAME = AccentColor;
				CODE_SIGN_STYLE = Automatic;
				CURRENT_PROJECT_VERSION = 1;
				DEVELOPMENT_TEAM = 846W5YD232;
				GENERATE_INFOPLIST_FILE = YES;
				INFOPLIST_FILE = "Data_Passing Practice/Info.plist";
				INFOPLIST_KEY_UIApplicationSupportsIndirectInputEvents = YES;
				INFOPLIST_KEY_UILaunchStoryboardName = LaunchScreen;
				INFOPLIST_KEY_UIMainStoryboardFile = Main;
				INFOPLIST_KEY_UISupportedInterfaceOrientations_iPad = "UIInterfaceOrientationPortrait UIInterfaceOrientationPortraitUpsideDown UIInterfaceOrientationLandscapeLeft UIInterfaceOrientationLandscapeRight";
				INFOPLIST_KEY_UISupportedInterfaceOrientations_iPhone = "UIInterfaceOrientationPortrait UIInterfaceOrientationLandscapeLeft UIInterfaceOrientationLandscapeRight";
				LD_RUNPATH_SEARCH_PATHS = (
					"$(inherited)",
					"@executable_path/Frameworks",
				);
				MARKETING_VERSION = 1.0;
				PRODUCT_BUNDLE_IDENTIFIER = "Namir.Data-Passing-Practice";
				PRODUCT_NAME = "$(TARGET_NAME)";
				SWIFT_EMIT_LOC_STRINGS = YES;
				SWIFT_VERSION = 5.0;
				TARGETED_DEVICE_FAMILY = "1,2";
			};
			name = Release;
		};
		3F1E34F62E4B08410006DFD3 /* Debug */ = {
			isa = XCBuildConfiguration;
			buildSettings = {
				ALWAYS_SEARCH_USER_PATHS = NO;
				ASSETCATALOG_COMPILER_GENERATE_SWIFT_ASSET_SYMBOL_EXTENSIONS = YES;
				CLANG_ANALYZER_NONNULL = YES;
				CLANG_ANALYZER_NUMBER_OBJECT_CONVERSION = YES_AGGRESSIVE;
				CLANG_CXX_LANGUAGE_STANDARD = "gnu++20";
				CLANG_ENABLE_MODULES = YES;
				CLANG_ENABLE_OBJC_ARC = YES;
				CLANG_ENABLE_OBJC_WEAK = YES;
				CLANG_WARN_BLOCK_CAPTURE_AUTORELEASING = YES;
				CLANG_WARN_BOOL_CONVERSION = YES;
				CLANG_WARN_COMMA = YES;
				CLANG_WARN_CONSTANT_CONVERSION = YES;
				CLANG_WARN_DEPRECATED_OBJC_IMPLEMENTATIONS = YES;
				CLANG_WARN_DIRECT_OBJC_ISA_USAGE = YES_ERROR;
				CLANG_WARN_DOCUMENTATION_COMMENTS = YES;
				CLANG_WARN_EMPTY_BODY = YES;
				CLANG_WARN_ENUM_CONVERSION = YES;
				CLANG_WARN_INFINITE_RECURSION = YES;
				CLANG_WARN_INT_CONVERSION = YES;
				CLANG_WARN_NON_LITERAL_NULL_CONVERSION = YES;
				CLANG_WARN_OBJC_IMPLICIT_RETAIN_SELF = YES;
				CLANG_WARN_OBJC_LITERAL_CONVERSION = YES;
				CLANG_WARN_OBJC_ROOT_CLASS = YES_ERROR;
				CLANG_WARN_QUOTED_INCLUDE_IN_FRAMEWORK_HEADER = YES;
				CLANG_WARN_RANGE_LOOP_ANALYSIS = YES;
				CLANG_WARN_STRICT_PROTOTYPES = YES;
				CLANG_WARN_SUSPICIOUS_MOVE = YES;
				CLANG_WARN_UNGUARDED_AVAILABILITY = YES_AGGRESSIVE;
				CLANG_WARN_UNREACHABLE_CODE = YES;
				CLANG_WARN__DUPLICATE_METHOD_MATCH = YES;
				COPY_PHASE_STRIP = NO;
				DEBUG_INFORMATION_FORMAT = dwarf;
				DEVELOPMENT_TEAM = 846W5YD232;
				ENABLE_STRICT_OBJC_MSGSEND = YES;
				ENABLE_TESTABILITY = YES;
				ENABLE_USER_SCRIPT_SANDBOXING = YES;
				GCC_C_LANGUAGE_STANDARD = gnu17;
				GCC_DYNAMIC_NO_PIC = NO;
				GCC_NO_COMMON_BLOCKS = YES;
				GCC_OPTIMIZATION_LEVEL = 0;
				GCC_PREPROCESSOR_DEFINITIONS = (
					"DEBUG=1",
					"$(inherited)",
				);
				GCC_WARN_64_TO_32_BIT_CONVERSION = YES;
				GCC_WARN_ABOUT_RETURN_TYPE = YES_ERROR;
				GCC_WARN_UNDECLARED_SELECTOR = YES;
				GCC_WARN_UNINITIALIZED_AUTOS = YES_AGGRESSIVE;
				GCC_WARN_UNUSED_FUNCTION = YES;
				GCC_WARN_UNUSED_VARIABLE = YES;
				IPHONEOS_DEPLOYMENT_TARGET = 18.5;
				LOCALIZATION_PREFERS_STRING_CATALOGS = YES;
				MTL_ENABLE_DEBUG_INFO = INCLUDE_SOURCE;
				MTL_FAST_MATH = YES;
				ONLY_ACTIVE_ARCH = YES;
				SDKROOT = iphoneos;
				SWIFT_ACTIVE_COMPILATION_CONDITIONS = "DEBUG $(inherited)";
				SWIFT_OPTIMIZATION_LEVEL = "-Onone";
			};
			name = Debug;
		};
		3F1E34F72E4B08410006DFD3 /* Release */ = {
			isa = XCBuildConfiguration;
			buildSettings = {
				ALWAYS_SEARCH_USER_PATHS = NO;
				ASSETCATALOG_COMPILER_GENERATE_SWIFT_ASSET_SYMBOL_EXTENSIONS = YES;
				CLANG_ANALYZER_NONNULL = YES;
				CLANG_ANALYZER_NUMBER_OBJECT_CONVERSION = YES_AGGRESSIVE;
				CLANG_CXX_LANGUAGE_STANDARD = "gnu++20";
				CLANG_ENABLE_MODULES = YES;
				CLANG_ENABLE_OBJC_ARC = YES;
				CLANG_ENABLE_OBJC_WEAK = YES;
				CLANG_WARN_BLOCK_CAPTURE_AUTORELEASING = YES;
				CLANG_WARN_BOOL_CONVERSION = YES;
				CLANG_WARN_COMMA = YES;
				CLANG_WARN_CONSTANT_CONVERSION = YES;
				CLANG_WARN_DEPRECATED_OBJC_IMPLEMENTATIONS = YES;
				CLANG_WARN_DIRECT_OBJC_ISA_USAGE = YES_ERROR;
				CLANG_WARN_DOCUMENTATION_COMMENTS = YES;
				CLANG_WARN_EMPTY_BODY = YES;
				CLANG_WARN_ENUM_CONVERSION = YES;
				CLANG_WARN_INFINITE_RECURSION = YES;
				CLANG_WARN_INT_CONVERSION = YES;
				CLANG_WARN_NON_LITERAL_NULL_CONVERSION = YES;
				CLANG_WARN_OBJC_IMPLICIT_RETAIN_SELF = YES;
				CLANG_WARN_OBJC_LITERAL_CONVERSION = YES;
				CLANG_WARN_OBJC_ROOT_CLASS = YES_ERROR;
				CLANG_WARN_QUOTED_INCLUDE_IN_FRAMEWORK_HEADER = YES;
				CLANG_WARN_RANGE_LOOP_ANALYSIS = YES;
				CLANG_WARN_STRICT_PROTOTYPES = YES;
				CLANG_WARN_SUSPICIOUS_MOVE = YES;
				CLANG_WARN_UNGUARDED_AVAILABILITY = YES_AGGRESSIVE;
				CLANG_WARN_UNREACHABLE_CODE = YES;
				CLANG_WARN__DUPLICATE_METHOD_MATCH = YES;
				COPY_PHASE_STRIP = NO;
				DEBUG_INFORMATION_FORMAT = "dwarf-with-dsym";
				DEVELOPMENT_TEAM = 846W5YD232;
				ENABLE_NS_ASSERTIONS = NO;
				ENABLE_STRICT_OBJC_MSGSEND = YES;
				ENABLE_USER_SCRIPT_SANDBOXING = YES;
				GCC_C_LANGUAGE_STANDARD = gnu17;
				GCC_NO_COMMON_BLOCKS = YES;
				GCC_WARN_64_TO_32_BIT_CONVERSION = YES;
				GCC_WARN_ABOUT_RETURN_TYPE = YES_ERROR;
				GCC_WARN_UNDECLARED_SELECTOR = YES;
				GCC_WARN_UNINITIALIZED_AUTOS = YES_AGGRESSIVE;
				GCC_WARN_UNUSED_FUNCTION = YES;
				GCC_WARN_UNUSED_VARIABLE = YES;
				IPHONEOS_DEPLOYMENT_TARGET = 18.5;
				LOCALIZATION_PREFERS_STRING_CATALOGS = YES;
				MTL_ENABLE_DEBUG_INFO = NO;
				MTL_FAST_MATH = YES;
				SDKROOT = iphoneos;
				SWIFT_COMPILATION_MODE = wholemodule;
				VALIDATE_PRODUCT = YES;
			};
			name = Release;
		};
		3F1E34F92E4B08410006DFD3 /* Debug */ = {
			isa = XCBuildConfiguration;
			buildSettings = {
				BUNDLE_LOADER = "$(TEST_HOST)";
				CODE_SIGN_STYLE = Automatic;
				CURRENT_PROJECT_VERSION = 1;
				DEVELOPMENT_TEAM = 846W5YD232;
				GENERATE_INFOPLIST_FILE = YES;
				IPHONEOS_DEPLOYMENT_TARGET = 18.5;
				MARKETING_VERSION = 1.0;
				PRODUCT_BUNDLE_IDENTIFIER = "Namir.Data-Passing-PracticeTests";
				PRODUCT_NAME = "$(TARGET_NAME)";
				SWIFT_EMIT_LOC_STRINGS = NO;
				SWIFT_VERSION = 5.0;
				TARGETED_DEVICE_FAMILY = "1,2";
				TEST_HOST = "$(BUILT_PRODUCTS_DIR)/Data_Passing Practice.app/$(BUNDLE_EXECUTABLE_FOLDER_PATH)/Data_Passing Practice";
			};
			name = Debug;
		};
		3F1E34FA2E4B08410006DFD3 /* Release */ = {
			isa = XCBuildConfiguration;
			buildSettings = {
				BUNDLE_LOADER = "$(TEST_HOST)";
				CODE_SIGN_STYLE = Automatic;
				CURRENT_PROJECT_VERSION = 1;
				DEVELOPMENT_TEAM = 846W5YD232;
				GENERATE_INFOPLIST_FILE = YES;
				IPHONEOS_DEPLOYMENT_TARGET = 18.5;
				MARKETING_VERSION = 1.0;
				PRODUCT_BUNDLE_IDENTIFIER = "Namir.Data-Passing-PracticeTests";
				PRODUCT_NAME = "$(TARGET_NAME)";
				SWIFT_EMIT_LOC_STRINGS = NO;
				SWIFT_VERSION = 5.0;
				TARGETED_DEVICE_FAMILY = "1,2";
				TEST_HOST = "$(BUILT_PRODUCTS_DIR)/Data_Passing Practice.app/$(BUNDLE_EXECUTABLE_FOLDER_PATH)/Data_Passing Practice";
			};
			name = Release;
		};
		3F1E34FC2E4B08410006DFD3 /* Debug */ = {
			isa = XCBuildConfiguration;
			buildSettings = {
				CODE_SIGN_STYLE = Automatic;
				CURRENT_PROJECT_VERSION = 1;
				DEVELOPMENT_TEAM = 846W5YD232;
				GENERATE_INFOPLIST_FILE = YES;
				MARKETING_VERSION = 1.0;
				PRODUCT_BUNDLE_IDENTIFIER = "Namir.Data-Passing-PracticeUITests";
				PRODUCT_NAME = "$(TARGET_NAME)";
				SWIFT_EMIT_LOC_STRINGS = NO;
				SWIFT_VERSION = 5.0;
				TARGETED_DEVICE_FAMILY = "1,2";
				TEST_TARGET_NAME = "Data_Passing Practice";
			};
			name = Debug;
		};
		3F1E34FD2E4B08410006DFD3 /* Release */ = {
			isa = XCBuildConfiguration;
			buildSettings = {
				CODE_SIGN_STYLE = Automatic;
				CURRENT_PROJECT_VERSION = 1;
				DEVELOPMENT_TEAM = 846W5YD232;
				GENERATE_INFOPLIST_FILE = YES;
				MARKETING_VERSION = 1.0;
				PRODUCT_BUNDLE_IDENTIFIER = "Namir.Data-Passing-PracticeUITests";
				PRODUCT_NAME = "$(TARGET_NAME)";
				SWIFT_EMIT_LOC_STRINGS = NO;
				SWIFT_VERSION = 5.0;
				TARGETED_DEVICE_FAMILY = "1,2";
				TEST_TARGET_NAME = "Data_Passing Practice";
			};
			name = Release;
		};
/* End XCBuildConfiguration section */

/* Begin XCConfigurationList section */
		3F1E34C52E4B08400006DFD3 /* Build configuration list for PBXProject "Data_Passing Practice" */ = {
			isa = XCConfigurationList;
			buildConfigurations = (
				3F1E34F62E4B08410006DFD3 /* Debug */,
				3F1E34F72E4B08410006DFD3 /* Release */,
			);
			defaultConfigurationIsVisible = 0;
			defaultConfigurationName = Release;
		};
		3F1E34F32E4B08410006DFD3 /* Build configuration list for PBXNativeTarget "Data_Passing Practice" */ = {
			isa = XCConfigurationList;
			buildConfigurations = (
				3F1E34F42E4B08410006DFD3 /* Debug */,
				3F1E34F52E4B08410006DFD3 /* Release */,
			);
			defaultConfigurationIsVisible = 0;
			defaultConfigurationName = Release;
		};
		3F1E34F82E4B08410006DFD3 /* Build configuration list for PBXNativeTarget "Data_Passing PracticeTests" */ = {
			isa = XCConfigurationList;
			buildConfigurations = (
				3F1E34F92E4B08410006DFD3 /* Debug */,
				3F1E34FA2E4B08410006DFD3 /* Release */,
			);
			defaultConfigurationIsVisible = 0;
			defaultConfigurationName = Release;
		};
		3F1E34FB2E4B08410006DFD3 /* Build configuration list for PBXNativeTarget "Data_Passing PracticeUITests" */ = {
			isa = XCConfigurationList;
			buildConfigurations = (
				3F1E34FC2E4B08410006DFD3 /* Debug */,
				3F1E34FD2E4B08410006DFD3 /* Release */,
			);
			defaultConfigurationIsVisible = 0;
			defaultConfigurationName = Release;
		};
/* End XCConfigurationList section */
	};
	rootObject = 3F1E34C22E4B08400006DFD3 /* Project object */;
}
