// !$*UTF8*$!
{
	archiveVersion = 1;
	classes = {
	};
	objectVersion = 77;
	objects = {

/* Begin PBXContainerItemProxy section */
		3FA58E262E615DE800A3E9F7 /* PBXContainerItemProxy */ = {
			isa = PBXContainerItemProxy;
			containerPortal = 3FA58E072E615DE600A3E9F7 /* Project object */;
			proxyType = 1;
			remoteGlobalIDString = 3FA58E0E2E615DE600A3E9F7;
			remoteInfo = "Whoo-Ha";
		};
		3FA58E302E615DE800A3E9F7 /* PBXContainerItemProxy */ = {
			isa = PBXContainerItemProxy;
			containerPortal = 3FA58E072E615DE600A3E9F7 /* Project object */;
			proxyType = 1;
			remoteGlobalIDString = 3FA58E0E2E615DE600A3E9F7;
			remoteInfo = "Whoo-Ha";
		};
/* End PBXContainerItemProxy section */

/* Begin PBXFileReference section */
		3FA58E0F2E615DE600A3E9F7 /* Whoo-Ha.app */ = {isa = PBXFileReference; explicitFileType = wrapper.application; includeInIndex = 0; path = "Whoo-Ha.app"; sourceTree = BUILT_PRODUCTS_DIR; };
		3FA58E252E615DE800A3E9F7 /* Whoo-HaTests.xctest */ = {isa = PBXFileReference; explicitFileType = wrapper.cfbundle; includeInIndex = 0; path = "Whoo-HaTests.xctest"; sourceTree = BUILT_PRODUCTS_DIR; };
		3FA58E2F2E615DE800A3E9F7 /* Whoo-HaUITests.xctest */ = {isa = PBXFileReference; explicitFileType = wrapper.cfbundle; includeInIndex = 0; path = "Whoo-HaUITests.xctest"; sourceTree = BUILT_PRODUCTS_DIR; };
/* End PBXFileReference section */

/* Begin PBXFileSystemSynchronizedBuildFileExceptionSet section */
		3FA58E372E615DE800A3E9F7 /* Exceptions for "Whoo-Ha" folder in "Whoo-Ha" target */ = {
			isa = PBXFileSystemSynchronizedBuildFileExceptionSet;
			membershipExceptions = (
				Info.plist,
			);
			target = 3FA58E0E2E615DE600A3E9F7 /* Whoo-Ha */;
		};
/* End PBXFileSystemSynchronizedBuildFileExceptionSet section */

/* Begin PBXFileSystemSynchronizedRootGroup section */
		3FA58E112E615DE600A3E9F7 /* Whoo-Ha */ = {
			isa = PBXFileSystemSynchronizedRootGroup;
			exceptions = (
				3FA58E372E615DE800A3E9F7 /* Exceptions for "Whoo-Ha" folder in "Whoo-Ha" target */,
			);
			path = "Whoo-Ha";
			sourceTree = "<group>";
		};
		3FA58E282E615DE800A3E9F7 /* Whoo-HaTests */ = {
			isa = PBXFileSystemSynchronizedRootGroup;
			path = "Whoo-HaTests";
			sourceTree = "<group>";
		};
		3FA58E322E615DE800A3E9F7 /* Whoo-HaUITests */ = {
			isa = PBXFileSystemSynchronizedRootGroup;
			path = "Whoo-HaUITests";
			sourceTree = "<group>";
		};
/* End PBXFileSystemSynchronizedRootGroup section */

/* Begin PBXFrameworksBuildPhase section */
		3FA58E0C2E615DE600A3E9F7 /* Frameworks */ = {
			isa = PBXFrameworksBuildPhase;
			buildActionMask = 2147483647;
			files = (
			);
			runOnlyForDeploymentPostprocessing = 0;
		};
		3FA58E222E615DE800A3E9F7 /* Frameworks */ = {
			isa = PBXFrameworksBuildPhase;
			buildActionMask = 2147483647;
			files = (
			);
			runOnlyForDeploymentPostprocessing = 0;
		};
		3FA58E2C2E615DE800A3E9F7 /* Frameworks */ = {
			isa = PBXFrameworksBuildPhase;
			buildActionMask = 2147483647;
			files = (
			);
			runOnlyForDeploymentPostprocessing = 0;
		};
/* End PBXFrameworksBuildPhase section */

/* Begin PBXGroup section */
		3FA58E062E615DE600A3E9F7 = {
			isa = PBXGroup;
			children = (
				3FA58E112E615DE600A3E9F7 /* Whoo-Ha */,
				3FA58E282E615DE800A3E9F7 /* Whoo-HaTests */,
				3FA58E322E615DE800A3E9F7 /* Whoo-HaUITests */,
				3FA58E102E615DE600A3E9F7 /* Products */,
			);
			sourceTree = "<group>";
		};
		3FA58E102E615DE600A3E9F7 /* Products */ = {
			isa = PBXGroup;
			children = (
				3FA58E0F2E615DE600A3E9F7 /* Whoo-Ha.app */,
				3FA58E252E615DE800A3E9F7 /* Whoo-HaTests.xctest */,
				3FA58E2F2E615DE800A3E9F7 /* Whoo-HaUITests.xctest */,
			);
			name = Products;
			sourceTree = "<group>";
		};
/* End PBXGroup section */

/* Begin PBXNativeTarget section */
		3FA58E0E2E615DE600A3E9F7 /* Whoo-Ha */ = {
			isa = PBXNativeTarget;
			buildConfigurationList = 3FA58E382E615DE800A3E9F7 /* Build configuration list for PBXNativeTarget "Whoo-Ha" */;
			buildPhases = (
				3FA58E0B2E615DE600A3E9F7 /* Sources */,
				3FA58E0C2E615DE600A3E9F7 /* Frameworks */,
				3FA58E0D2E615DE600A3E9F7 /* Resources */,
			);
			buildRules = (
			);
			dependencies = (
			);
			fileSystemSynchronizedGroups = (
				3FA58E112E615DE600A3E9F7 /* Whoo-Ha */,
			);
			name = "Whoo-Ha";
			packageProductDependencies = (
			);
			productName = "Whoo-Ha";
			productReference = 3FA58E0F2E615DE600A3E9F7 /* Whoo-Ha.app */;
			productType = "com.apple.product-type.application";
		};
		3FA58E242E615DE800A3E9F7 /* Whoo-HaTests */ = {
			isa = PBXNativeTarget;
			buildConfigurationList = 3FA58E3D2E615DE800A3E9F7 /* Build configuration list for PBXNativeTarget "Whoo-HaTests" */;
			buildPhases = (
				3FA58E212E615DE800A3E9F7 /* Sources */,
				3FA58E222E615DE800A3E9F7 /* Frameworks */,
				3FA58E232E615DE800A3E9F7 /* Resources */,
			);
			buildRules = (
			);
			dependencies = (
				3FA58E272E615DE800A3E9F7 /* PBXTargetDependency */,
			);
			fileSystemSynchronizedGroups = (
				3FA58E282E615DE800A3E9F7 /* Whoo-HaTests */,
			);
			name = "Whoo-HaTests";
			packageProductDependencies = (
			);
			productName = "Whoo-HaTests";
			productReference = 3FA58E252E615DE800A3E9F7 /* Whoo-HaTests.xctest */;
			productType = "com.apple.product-type.bundle.unit-test";
		};
		3FA58E2E2E615DE800A3E9F7 /* Whoo-HaUITests */ = {
			isa = PBXNativeTarget;
			buildConfigurationList = 3FA58E402E615DE800A3E9F7 /* Build configuration list for PBXNativeTarget "Whoo-HaUITests" */;
			buildPhases = (
				3FA58E2B2E615DE800A3E9F7 /* Sources */,
				3FA58E2C2E615DE800A3E9F7 /* Frameworks */,
				3FA58E2D2E615DE800A3E9F7 /* Resources */,
			);
			buildRules = (
			);
			dependencies = (
				3FA58E312E615DE800A3E9F7 /* PBXTargetDependency */,
			);
			fileSystemSynchronizedGroups = (
				3FA58E322E615DE800A3E9F7 /* Whoo-HaUITests */,
			);
			name = "Whoo-HaUITests";
			packageProductDependencies = (
			);
			productName = "Whoo-HaUITests";
			productReference = 3FA58E2F2E615DE800A3E9F7 /* Whoo-HaUITests.xctest */;
			productType = "com.apple.product-type.bundle.ui-testing";
		};
/* End PBXNativeTarget section */

/* Begin PBXProject section */
		3FA58E072E615DE600A3E9F7 /* Project object */ = {
			isa = PBXProject;
			attributes = {
				BuildIndependentTargetsInParallel = 1;
				LastSwiftUpdateCheck = 1640;
				LastUpgradeCheck = 1640;
				TargetAttributes = {
					3FA58E0E2E615DE600A3E9F7 = {
						CreatedOnToolsVersion = 16.4;
					};
					3FA58E242E615DE800A3E9F7 = {
						CreatedOnToolsVersion = 16.4;
						TestTargetID = 3FA58E0E2E615DE600A3E9F7;
					};
					3FA58E2E2E615DE800A3E9F7 = {
						CreatedOnToolsVersion = 16.4;
						TestTargetID = 3FA58E0E2E615DE600A3E9F7;
					};
				};
			};
			buildConfigurationList = 3FA58E0A2E615DE600A3E9F7 /* Build configuration list for PBXProject "Whoo-Ha" */;
			developmentRegion = en;
			hasScannedForEncodings = 0;
			knownRegions = (
				en,
				Base,
			);
			mainGroup = 3FA58E062E615DE600A3E9F7;
			minimizedProjectReferenceProxies = 1;
			preferredProjectObjectVersion = 77;
			productRefGroup = 3FA58E102E615DE600A3E9F7 /* Products */;
			projectDirPath = "";
			projectRoot = "";
			targets = (
				3FA58E0E2E615DE600A3E9F7 /* Whoo-Ha */,
				3FA58E242E615DE800A3E9F7 /* Whoo-HaTests */,
				3FA58E2E2E615DE800A3E9F7 /* Whoo-HaUITests */,
			);
		};
/* End PBXProject section */

/* Begin PBXResourcesBuildPhase section */
		3FA58E0D2E615DE600A3E9F7 /* Resources */ = {
			isa = PBXResourcesBuildPhase;
			buildActionMask = 2147483647;
			files = (
			);
			runOnlyForDeploymentPostprocessing = 0;
		};
		3FA58E232E615DE800A3E9F7 /* Resources */ = {
			isa = PBXResourcesBuildPhase;
			buildActionMask = 2147483647;
			files = (
			);
			runOnlyForDeploymentPostprocessing = 0;
		};
		3FA58E2D2E615DE800A3E9F7 /* Resources */ = {
			isa = PBXResourcesBuildPhase;
			buildActionMask = 2147483647;
			files = (
			);
			runOnlyForDeploymentPostprocessing = 0;
		};
/* End PBXResourcesBuildPhase section */

/* Begin PBXSourcesBuildPhase section */
		3FA58E0B2E615DE600A3E9F7 /* Sources */ = {
			isa = PBXSourcesBuildPhase;
			buildActionMask = 2147483647;
			files = (
			);
			runOnlyForDeploymentPostprocessing = 0;
		};
		3FA58E212E615DE800A3E9F7 /* Sources */ = {
			isa = PBXSourcesBuildPhase;
			buildActionMask = 2147483647;
			files = (
			);
			runOnlyForDeploymentPostprocessing = 0;
		};
		3FA58E2B2E615DE800A3E9F7 /* Sources */ = {
			isa = PBXSourcesBuildPhase;
			buildActionMask = 2147483647;
			files = (
			);
			runOnlyForDeploymentPostprocessing = 0;
		};
/* End PBXSourcesBuildPhase section */

/* Begin PBXTargetDependency section */
		3FA58E272E615DE800A3E9F7 /* PBXTargetDependency */ = {
			isa = PBXTargetDependency;
			target = 3FA58E0E2E615DE600A3E9F7 /* Whoo-Ha */;
			targetProxy = 3FA58E262E615DE800A3E9F7 /* PBXContainerItemProxy */;
		};
		3FA58E312E615DE800A3E9F7 /* PBXTargetDependency */ = {
			isa = PBXTargetDependency;
			target = 3FA58E0E2E615DE600A3E9F7 /* Whoo-Ha */;
			targetProxy = 3FA58E302E615DE800A3E9F7 /* PBXContainerItemProxy */;
		};
/* End PBXTargetDependency section */

/* Begin XCBuildConfiguration section */
		3FA58E392E615DE800A3E9F7 /* Debug */ = {
			isa = XCBuildConfiguration;
			buildSettings = {
				ASSETCATALOG_COMPILER_APPICON_NAME = AppIcon;
				ASSETCATALOG_COMPILER_GLOBAL_ACCENT_COLOR_NAME = AccentColor;
				CODE_SIGN_STYLE = Automatic;
				CURRENT_PROJECT_VERSION = 1;
				GENERATE_INFOPLIST_FILE = YES;
				INFOPLIST_FILE = "Whoo-Ha/Info.plist";
				INFOPLIST_KEY_UIApplicationSupportsIndirectInputEvents = YES;
				INFOPLIST_KEY_UILaunchStoryboardName = LaunchScreen;
				INFOPLIST_KEY_UIMainStoryboardFile = Main;
				INFOPLIST_KEY_UISupportedInterfaceOrientations_iPad = "UIInterfaceOrientationPortrait UIInterfaceOrientationPortraitUpsideDown UIInterfaceOrientationLandscapeLeft UIInterfaceOrientationLandscapeRight";
				INFOPLIST_KEY_UISupportedInterfaceOrientations_iPhone = "UIInterfaceOrientationPortrait UIInterfaceOrientationLandscapeLeft UIInterfaceOrientationLandscapeRight";
				LD_RUNPATH_SEARCH_PATHS = (
					"$(inherited)",
					"@executable_path/Frameworks",
				);
				MARKETING_VERSION = 1.0;
				PRODUCT_BUNDLE_IDENTIFIER = "Namir.Whoo-Ha";
				PRODUCT_NAME = "$(TARGET_NAME)";
				SWIFT_EMIT_LOC_STRINGS = YES;
				SWIFT_VERSION = 5.0;
				TARGETED_DEVICE_FAMILY = "1,2";
			};
			name = Debug;
		};
		3FA58E3A2E615DE800A3E9F7 /* Release */ = {
			isa = XCBuildConfiguration;
			buildSettings = {
				ASSETCATALOG_COMPILER_APPICON_NAME = AppIcon;
				ASSETCATALOG_COMPILER_GLOBAL_ACCENT_COLOR_NAME = AccentColor;
				CODE_SIGN_STYLE = Automatic;
				CURRENT_PROJECT_VERSION = 1;
				GENERATE_INFOPLIST_FILE = YES;
				INFOPLIST_FILE = "Whoo-Ha/Info.plist";
				INFOPLIST_KEY_UIApplicationSupportsIndirectInputEvents = YES;
				INFOPLIST_KEY_UILaunchStoryboardName = LaunchScreen;
				INFOPLIST_KEY_UIMainStoryboardFile = Main;
				INFOPLIST_KEY_UISupportedInterfaceOrientations_iPad = "UIInterfaceOrientationPortrait UIInterfaceOrientationPortraitUpsideDown UIInterfaceOrientationLandscapeLeft UIInterfaceOrientationLandscapeRight";
				INFOPLIST_KEY_UISupportedInterfaceOrientations_iPhone = "UIInterfaceOrientationPortrait UIInterfaceOrientationLandscapeLeft UIInterfaceOrientationLandscapeRight";
				LD_RUNPATH_SEARCH_PATHS = (
					"$(inherited)",
					"@executable_path/Frameworks",
				);
				MARKETING_VERSION = 1.0;
				PRODUCT_BUNDLE_IDENTIFIER = "Namir.Whoo-Ha";
				PRODUCT_NAME = "$(TARGET_NAME)";
				SWIFT_EMIT_LOC_STRINGS = YES;
				SWIFT_VERSION = 5.0;
				TARGETED_DEVICE_FAMILY = "1,2";
			};
			name = Release;
		};
		3FA58E3B2E615DE800A3E9F7 /* Debug */ = {
			isa = XCBuildConfiguration;
			buildSettings = {
				ALWAYS_SEARCH_USER_PATHS = NO;
				ASSETCATALOG_COMPILER_GENERATE_SWIFT_ASSET_SYMBOL_EXTENSIONS = YES;
				CLANG_ANALYZER_NONNULL = YES;
				CLANG_ANALYZER_NUMBER_OBJECT_CONVERSION = YES_AGGRESSIVE;
				CLANG_CXX_LANGUAGE_STANDARD = "gnu++20";
				CLANG_ENABLE_MODULES = YES;
				CLANG_ENABLE_OBJC_ARC = YES;
				CLANG_ENABLE_OBJC_WEAK = YES;
				CLANG_WARN_BLOCK_CAPTURE_AUTORELEASING = YES;
				CLANG_WARN_BOOL_CONVERSION = YES;
				CLANG_WARN_COMMA = YES;
				CLANG_WARN_CONSTANT_CONVERSION = YES;
				CLANG_WARN_DEPRECATED_OBJC_IMPLEMENTATIONS = YES;
				CLANG_WARN_DIRECT_OBJC_ISA_USAGE = YES_ERROR;
				CLANG_WARN_DOCUMENTATION_COMMENTS = YES;
				CLANG_WARN_EMPTY_BODY = YES;
				CLANG_WARN_ENUM_CONVERSION = YES;
				CLANG_WARN_INFINITE_RECURSION = YES;
				CLANG_WARN_INT_CONVERSION = YES;
				CLANG_WARN_NON_LITERAL_NULL_CONVERSION = YES;
				CLANG_WARN_OBJC_IMPLICIT_RETAIN_SELF = YES;
				CLANG_WARN_OBJC_LITERAL_CONVERSION = YES;
				CLANG_WARN_OBJC_ROOT_CLASS = YES_ERROR;
				CLANG_WARN_QUOTED_INCLUDE_IN_FRAMEWORK_HEADER = YES;
				CLANG_WARN_RANGE_LOOP_ANALYSIS = YES;
				CLANG_WARN_STRICT_PROTOTYPES = YES;
				CLANG_WARN_SUSPICIOUS_MOVE = YES;
				CLANG_WARN_UNGUARDED_AVAILABILITY = YES_AGGRESSIVE;
				CLANG_WARN_UNREACHABLE_CODE = YES;
				CLANG_WARN__DUPLICATE_METHOD_MATCH = YES;
				COPY_PHASE_STRIP = NO;
				DEBUG_INFORMATION_FORMAT = dwarf;
				ENABLE_STRICT_OBJC_MSGSEND = YES;
				ENABLE_TESTABILITY = YES;
				ENABLE_USER_SCRIPT_SANDBOXING = YES;
				GCC_C_LANGUAGE_STANDARD = gnu17;
				GCC_DYNAMIC_NO_PIC = NO;
				GCC_NO_COMMON_BLOCKS = YES;
				GCC_OPTIMIZATION_LEVEL = 0;
				GCC_PREPROCESSOR_DEFINITIONS = (
					"DEBUG=1",
					"$(inherited)",
				);
				GCC_WARN_64_TO_32_BIT_CONVERSION = YES;
				GCC_WARN_ABOUT_RETURN_TYPE = YES_ERROR;
				GCC_WARN_UNDECLARED_SELECTOR = YES;
				GCC_WARN_UNINITIALIZED_AUTOS = YES_AGGRESSIVE;
				GCC_WARN_UNUSED_FUNCTION = YES;
				GCC_WARN_UNUSED_VARIABLE = YES;
				IPHONEOS_DEPLOYMENT_TARGET = 18.5;
				LOCALIZATION_PREFERS_STRING_CATALOGS = YES;
				MTL_ENABLE_DEBUG_INFO = INCLUDE_SOURCE;
				MTL_FAST_MATH = YES;
				ONLY_ACTIVE_ARCH = YES;
				SDKROOT = iphoneos;
				SWIFT_ACTIVE_COMPILATION_CONDITIONS = "DEBUG $(inherited)";
				SWIFT_OPTIMIZATION_LEVEL = "-Onone";
			};
			name = Debug;
		};
		3FA58E3C2E615DE800A3E9F7 /* Release */ = {
			isa = XCBuildConfiguration;
			buildSettings = {
				ALWAYS_SEARCH_USER_PATHS = NO;
				ASSETCATALOG_COMPILER_GENERATE_SWIFT_ASSET_SYMBOL_EXTENSIONS = YES;
				CLANG_ANALYZER_NONNULL = YES;
				CLANG_ANALYZER_NUMBER_OBJECT_CONVERSION = YES_AGGRESSIVE;
				CLANG_CXX_LANGUAGE_STANDARD = "gnu++20";
				CLANG_ENABLE_MODULES = YES;
				CLANG_ENABLE_OBJC_ARC = YES;
				CLANG_ENABLE_OBJC_WEAK = YES;
				CLANG_WARN_BLOCK_CAPTURE_AUTORELEASING = YES;
				CLANG_WARN_BOOL_CONVERSION = YES;
				CLANG_WARN_COMMA = YES;
				CLANG_WARN_CONSTANT_CONVERSION = YES;
				CLANG_WARN_DEPRECATED_OBJC_IMPLEMENTATIONS = YES;
				CLANG_WARN_DIRECT_OBJC_ISA_USAGE = YES_ERROR;
				CLANG_WARN_DOCUMENTATION_COMMENTS = YES;
				CLANG_WARN_EMPTY_BODY = YES;
				CLANG_WARN_ENUM_CONVERSION = YES;
				CLANG_WARN_INFINITE_RECURSION = YES;
				CLANG_WARN_INT_CONVERSION = YES;
				CLANG_WARN_NON_LITERAL_NULL_CONVERSION = YES;
				CLANG_WARN_OBJC_IMPLICIT_RETAIN_SELF = YES;
				CLANG_WARN_OBJC_LITERAL_CONVERSION = YES;
				CLANG_WARN_OBJC_ROOT_CLASS = YES_ERROR;
				CLANG_WARN_QUOTED_INCLUDE_IN_FRAMEWORK_HEADER = YES;
				CLANG_WARN_RANGE_LOOP_ANALYSIS = YES;
				CLANG_WARN_STRICT_PROTOTYPES = YES;
				CLANG_WARN_SUSPICIOUS_MOVE = YES;
				CLANG_WARN_UNGUARDED_AVAILABILITY = YES_AGGRESSIVE;
				CLANG_WARN_UNREACHABLE_CODE = YES;
				CLANG_WARN__DUPLICATE_METHOD_MATCH = YES;
				COPY_PHASE_STRIP = NO;
				DEBUG_INFORMATION_FORMAT = "dwarf-with-dsym";
				ENABLE_NS_ASSERTIONS = NO;
				ENABLE_STRICT_OBJC_MSGSEND = YES;
				ENABLE_USER_SCRIPT_SANDBOXING = YES;
				GCC_C_LANGUAGE_STANDARD = gnu17;
				GCC_NO_COMMON_BLOCKS = YES;
				GCC_WARN_64_TO_32_BIT_CONVERSION = YES;
				GCC_WARN_ABOUT_RETURN_TYPE = YES_ERROR;
				GCC_WARN_UNDECLARED_SELECTOR = YES;
				GCC_WARN_UNINITIALIZED_AUTOS = YES_AGGRESSIVE;
				GCC_WARN_UNUSED_FUNCTION = YES;
				GCC_WARN_UNUSED_VARIABLE = YES;
				IPHONEOS_DEPLOYMENT_TARGET = 18.5;
				LOCALIZATION_PREFERS_STRING_CATALOGS = YES;
				MTL_ENABLE_DEBUG_INFO = NO;
				MTL_FAST_MATH = YES;
				SDKROOT = iphoneos;
				SWIFT_COMPILATION_MODE = wholemodule;
				VALIDATE_PRODUCT = YES;
			};
			name = Release;
		};
		3FA58E3E2E615DE800A3E9F7 /* Debug */ = {
			isa = XCBuildConfiguration;
			buildSettings = {
				BUNDLE_LOADER = "$(TEST_HOST)";
				CODE_SIGN_STYLE = Automatic;
				CURRENT_PROJECT_VERSION = 1;
				GENERATE_INFOPLIST_FILE = YES;
				IPHONEOS_DEPLOYMENT_TARGET = 18.5;
				MARKETING_VERSION = 1.0;
				PRODUCT_BUNDLE_IDENTIFIER = "Namir.Whoo-HaTests";
				PRODUCT_NAME = "$(TARGET_NAME)";
				SWIFT_EMIT_LOC_STRINGS = NO;
				SWIFT_VERSION = 5.0;
				TARGETED_DEVICE_FAMILY = "1,2";
				TEST_HOST = "$(BUILT_PRODUCTS_DIR)/Whoo-Ha.app/$(BUNDLE_EXECUTABLE_FOLDER_PATH)/Whoo-Ha";
			};
			name = Debug;
		};
		3FA58E3F2E615DE800A3E9F7 /* Release */ = {
			isa = XCBuildConfiguration;
			buildSettings = {
				BUNDLE_LOADER = "$(TEST_HOST)";
				CODE_SIGN_STYLE = Automatic;
				CURRENT_PROJECT_VERSION = 1;
				GENERATE_INFOPLIST_FILE = YES;
				IPHONEOS_DEPLOYMENT_TARGET = 18.5;
				MARKETING_VERSION = 1.0;
				PRODUCT_BUNDLE_IDENTIFIER = "Namir.Whoo-HaTests";
				PRODUCT_NAME = "$(TARGET_NAME)";
				SWIFT_EMIT_LOC_STRINGS = NO;
				SWIFT_VERSION = 5.0;
				TARGETED_DEVICE_FAMILY = "1,2";
				TEST_HOST = "$(BUILT_PRODUCTS_DIR)/Whoo-Ha.app/$(BUNDLE_EXECUTABLE_FOLDER_PATH)/Whoo-Ha";
			};
			name = Release;
		};
		3FA58E412E615DE800A3E9F7 /* Debug */ = {
			isa = XCBuildConfiguration;
			buildSettings = {
				CODE_SIGN_STYLE = Automatic;
				CURRENT_PROJECT_VERSION = 1;
				GENERATE_INFOPLIST_FILE = YES;
				MARKETING_VERSION = 1.0;
				PRODUCT_BUNDLE_IDENTIFIER = "Namir.Whoo-HaUITests";
				PRODUCT_NAME = "$(TARGET_NAME)";
				SWIFT_EMIT_LOC_STRINGS = NO;
				SWIFT_VERSION = 5.0;
				TARGETED_DEVICE_FAMILY = "1,2";
				TEST_TARGET_NAME = "Whoo-Ha";
			};
			name = Debug;
		};
		3FA58E422E615DE800A3E9F7 /* Release */ = {
			isa = XCBuildConfiguration;
			buildSettings = {
				CODE_SIGN_STYLE = Automatic;
				CURRENT_PROJECT_VERSION = 1;
				GENERATE_INFOPLIST_FILE = YES;
				MARKETING_VERSION = 1.0;
				PRODUCT_BUNDLE_IDENTIFIER = "Namir.Whoo-HaUITests";
				PRODUCT_NAME = "$(TARGET_NAME)";
				SWIFT_EMIT_LOC_STRINGS = NO;
				SWIFT_VERSION = 5.0;
				TARGETED_DEVICE_FAMILY = "1,2";
				TEST_TARGET_NAME = "Whoo-Ha";
			};
			name = Release;
		};
/* End XCBuildConfiguration section */

/* Begin XCConfigurationList section */
		3FA58E0A2E615DE600A3E9F7 /* Build configuration list for PBXProject "Whoo-Ha" */ = {
			isa = XCConfigurationList;
			buildConfigurations = (
				3FA58E3B2E615DE800A3E9F7 /* Debug */,
				3FA58E3C2E615DE800A3E9F7 /* Release */,
			);
			defaultConfigurationIsVisible = 0;
			defaultConfigurationName = Release;
		};
		3FA58E382E615DE800A3E9F7 /* Build configuration list for PBXNativeTarget "Whoo-Ha" */ = {
			isa = XCConfigurationList;
			buildConfigurations = (
				3FA58E392E615DE800A3E9F7 /* Debug */,
				3FA58E3A2E615DE800A3E9F7 /* Release */,
			);
			defaultConfigurationIsVisible = 0;
			defaultConfigurationName = Release;
		};
		3FA58E3D2E615DE800A3E9F7 /* Build configuration list for PBXNativeTarget "Whoo-HaTests" */ = {
			isa = XCConfigurationList;
			buildConfigurations = (
				3FA58E3E2E615DE800A3E9F7 /* Debug */,
				3FA58E3F2E615DE800A3E9F7 /* Release */,
			);
			defaultConfigurationIsVisible = 0;
			defaultConfigurationName = Release;
		};
		3FA58E402E615DE800A3E9F7 /* Build configuration list for PBXNativeTarget "Whoo-HaUITests" */ = {
			isa = XCConfigurationList;
			buildConfigurations = (
				3FA58E412E615DE800A3E9F7 /* Debug */,
				3FA58E422E615DE800A3E9F7 /* Release */,
			);
			defaultConfigurationIsVisible = 0;
			defaultConfigurationName = Release;
		};
/* End XCConfigurationList section */
	};
	rootObject = 3FA58E072E615DE600A3E9F7 /* Project object */;
}
