// !$*UTF8*$!
{
	archiveVersion = 1;
	classes = {
	};
	objectVersion = 77;
	objects = {

/* Begin PBXContainerItemProxy section */
		3F60E4322E45CB200028705D /* PBXContainerItemProxy */ = {
			isa = PBXContainerItemProxy;
			containerPortal = 3F60E4132E45CB1E0028705D /* Project object */;
			proxyType = 1;
			remoteGlobalIDString = 3F60E41A2E45CB1E0028705D;
			remoteInfo = "Data Passing";
		};
		3F60E43C2E45CB200028705D /* PBXContainerItemProxy */ = {
			isa = PBXContainerItemProxy;
			containerPortal = 3F60E4132E45CB1E0028705D /* Project object */;
			proxyType = 1;
			remoteGlobalIDString = 3F60E41A2E45CB1E0028705D;
			remoteInfo = "Data Passing";
		};
/* End PBXContainerItemProxy section */

/* Begin PBXFileReference section */
		3F60E41B2E45CB1E0028705D /* Data Passing.app */ = {isa = PBXFileReference; explicitFileType = wrapper.application; includeInIndex = 0; path = "Data Passing.app"; sourceTree = BUILT_PRODUCTS_DIR; };
		3F60E4312E45CB200028705D /* Data PassingTests.xctest */ = {isa = PBXFileReference; explicitFileType = wrapper.cfbundle; includeInIndex = 0; path = "Data PassingTests.xctest"; sourceTree = BUILT_PRODUCTS_DIR; };
		3F60E43B2E45CB200028705D /* Data PassingUITests.xctest */ = {isa = PBXFileReference; explicitFileType = wrapper.cfbundle; includeInIndex = 0; path = "Data PassingUITests.xctest"; sourceTree = BUILT_PRODUCTS_DIR; };
/* End PBXFileReference section */

/* Begin PBXFileSystemSynchronizedBuildFileExceptionSet section */
		3F60E4432E45CB200028705D /* Exceptions for "Data Passing" folder in "Data Passing" target */ = {
			isa = PBXFileSystemSynchronizedBuildFileExceptionSet;
			membershipExceptions = (
				Info.plist,
			);
			target = 3F60E41A2E45CB1E0028705D /* Data Passing */;
		};
/* End PBXFileSystemSynchronizedBuildFileExceptionSet section */

/* Begin PBXFileSystemSynchronizedRootGroup section */
		3F60E41D2E45CB1E0028705D /* Data Passing */ = {
			isa = PBXFileSystemSynchronizedRootGroup;
			exceptions = (
				3F60E4432E45CB200028705D /* Exceptions for "Data Passing" folder in "Data Passing" target */,
			);
			path = "Data Passing";
			sourceTree = "<group>";
		};
		3F60E4342E45CB200028705D /* Data PassingTests */ = {
			isa = PBXFileSystemSynchronizedRootGroup;
			path = "Data PassingTests";
			sourceTree = "<group>";
		};
		3F60E43E2E45CB200028705D /* Data PassingUITests */ = {
			isa = PBXFileSystemSynchronizedRootGroup;
			path = "Data PassingUITests";
			sourceTree = "<group>";
		};
/* End PBXFileSystemSynchronizedRootGroup section */

/* Begin PBXFrameworksBuildPhase section */
		3F60E4182E45CB1E0028705D /* Frameworks */ = {
			isa = PBXFrameworksBuildPhase;
			buildActionMask = 2147483647;
			files = (
			);
			runOnlyForDeploymentPostprocessing = 0;
		};
		3F60E42E2E45CB200028705D /* Frameworks */ = {
			isa = PBXFrameworksBuildPhase;
			buildActionMask = 2147483647;
			files = (
			);
			runOnlyForDeploymentPostprocessing = 0;
		};
		3F60E4382E45CB200028705D /* Frameworks */ = {
			isa = PBXFrameworksBuildPhase;
			buildActionMask = 2147483647;
			files = (
			);
			runOnlyForDeploymentPostprocessing = 0;
		};
/* End PBXFrameworksBuildPhase section */

/* Begin PBXGroup section */
		3F60E4122E45CB1E0028705D = {
			isa = PBXGroup;
			children = (
				3F60E41D2E45CB1E0028705D /* Data Passing */,
				3F60E4342E45CB200028705D /* Data PassingTests */,
				3F60E43E2E45CB200028705D /* Data PassingUITests */,
				3F60E41C2E45CB1E0028705D /* Products */,
			);
			sourceTree = "<group>";
		};
		3F60E41C2E45CB1E0028705D /* Products */ = {
			isa = PBXGroup;
			children = (
				3F60E41B2E45CB1E0028705D /* Data Passing.app */,
				3F60E4312E45CB200028705D /* Data PassingTests.xctest */,
				3F60E43B2E45CB200028705D /* Data PassingUITests.xctest */,
			);
			name = Products;
			sourceTree = "<group>";
		};
/* End PBXGroup section */

/* Begin PBXNativeTarget section */
		3F60E41A2E45CB1E0028705D /* Data Passing */ = {
			isa = PBXNativeTarget;
			buildConfigurationList = 3F60E4442E45CB200028705D /* Build configuration list for PBXNativeTarget "Data Passing" */;
			buildPhases = (
				3F60E4172E45CB1E0028705D /* Sources */,
				3F60E4182E45CB1E0028705D /* Frameworks */,
				3F60E4192E45CB1E0028705D /* Resources */,
			);
			buildRules = (
			);
			dependencies = (
			);
			fileSystemSynchronizedGroups = (
				3F60E41D2E45CB1E0028705D /* Data Passing */,
			);
			name = "Data Passing";
			packageProductDependencies = (
			);
			productName = "Data Passing";
			productReference = 3F60E41B2E45CB1E0028705D /* Data Passing.app */;
			productType = "com.apple.product-type.application";
		};
		3F60E4302E45CB200028705D /* Data PassingTests */ = {
			isa = PBXNativeTarget;
			buildConfigurationList = 3F60E4492E45CB200028705D /* Build configuration list for PBXNativeTarget "Data PassingTests" */;
			buildPhases = (
				3F60E42D2E45CB200028705D /* Sources */,
				3F60E42E2E45CB200028705D /* Frameworks */,
				3F60E42F2E45CB200028705D /* Resources */,
			);
			buildRules = (
			);
			dependencies = (
				3F60E4332E45CB200028705D /* PBXTargetDependency */,
			);
			fileSystemSynchronizedGroups = (
				3F60E4342E45CB200028705D /* Data PassingTests */,
			);
			name = "Data PassingTests";
			packageProductDependencies = (
			);
			productName = "Data PassingTests";
			productReference = 3F60E4312E45CB200028705D /* Data PassingTests.xctest */;
			productType = "com.apple.product-type.bundle.unit-test";
		};
		3F60E43A2E45CB200028705D /* Data PassingUITests */ = {
			isa = PBXNativeTarget;
			buildConfigurationList = 3F60E44C2E45CB200028705D /* Build configuration list for PBXNativeTarget "Data PassingUITests" */;
			buildPhases = (
				3F60E4372E45CB200028705D /* Sources */,
				3F60E4382E45CB200028705D /* Frameworks */,
				3F60E4392E45CB200028705D /* Resources */,
			);
			buildRules = (
			);
			dependencies = (
				3F60E43D2E45CB200028705D /* PBXTargetDependency */,
			);
			fileSystemSynchronizedGroups = (
				3F60E43E2E45CB200028705D /* Data PassingUITests */,
			);
			name = "Data PassingUITests";
			packageProductDependencies = (
			);
			productName = "Data PassingUITests";
			productReference = 3F60E43B2E45CB200028705D /* Data PassingUITests.xctest */;
			productType = "com.apple.product-type.bundle.ui-testing";
		};
/* End PBXNativeTarget section */

/* Begin PBXProject section */
		3F60E4132E45CB1E0028705D /* Project object */ = {
			isa = PBXProject;
			attributes = {
				BuildIndependentTargetsInParallel = 1;
				LastSwiftUpdateCheck = 1640;
				LastUpgradeCheck = 1640;
				TargetAttributes = {
					3F60E41A2E45CB1E0028705D = {
						CreatedOnToolsVersion = 16.4;
					};
					3F60E4302E45CB200028705D = {
						CreatedOnToolsVersion = 16.4;
						TestTargetID = 3F60E41A2E45CB1E0028705D;
					};
					3F60E43A2E45CB200028705D = {
						CreatedOnToolsVersion = 16.4;
						TestTargetID = 3F60E41A2E45CB1E0028705D;
					};
				};
			};
			buildConfigurationList = 3F60E4162E45CB1E0028705D /* Build configuration list for PBXProject "Data Passing" */;
			developmentRegion = en;
			hasScannedForEncodings = 0;
			knownRegions = (
				en,
				Base,
			);
			mainGroup = 3F60E4122E45CB1E0028705D;
			minimizedProjectReferenceProxies = 1;
			preferredProjectObjectVersion = 77;
			productRefGroup = 3F60E41C2E45CB1E0028705D /* Products */;
			projectDirPath = "";
			projectRoot = "";
			targets = (
				3F60E41A2E45CB1E0028705D /* Data Passing */,
				3F60E4302E45CB200028705D /* Data PassingTests */,
				3F60E43A2E45CB200028705D /* Data PassingUITests */,
			);
		};
/* End PBXProject section */

/* Begin PBXResourcesBuildPhase section */
		3F60E4192E45CB1E0028705D /* Resources */ = {
			isa = PBXResourcesBuildPhase;
			buildActionMask = 2147483647;
			files = (
			);
			runOnlyForDeploymentPostprocessing = 0;
		};
		3F60E42F2E45CB200028705D /* Resources */ = {
			isa = PBXResourcesBuildPhase;
			buildActionMask = 2147483647;
			files = (
			);
			runOnlyForDeploymentPostprocessing = 0;
		};
		3F60E4392E45CB200028705D /* Resources */ = {
			isa = PBXResourcesBuildPhase;
			buildActionMask = 2147483647;
			files = (
			);
			runOnlyForDeploymentPostprocessing = 0;
		};
/* End PBXResourcesBuildPhase section */

/* Begin PBXSourcesBuildPhase section */
		3F60E4172E45CB1E0028705D /* Sources */ = {
			isa = PBXSourcesBuildPhase;
			buildActionMask = 2147483647;
			files = (
			);
			runOnlyForDeploymentPostprocessing = 0;
		};
		3F60E42D2E45CB200028705D /* Sources */ = {
			isa = PBXSourcesBuildPhase;
			buildActionMask = 2147483647;
			files = (
			);
			runOnlyForDeploymentPostprocessing = 0;
		};
		3F60E4372E45CB200028705D /* Sources */ = {
			isa = PBXSourcesBuildPhase;
			buildActionMask = 2147483647;
			files = (
			);
			runOnlyForDeploymentPostprocessing = 0;
		};
/* End PBXSourcesBuildPhase section */

/* Begin PBXTargetDependency section */
		3F60E4332E45CB200028705D /* PBXTargetDependency */ = {
			isa = PBXTargetDependency;
			target = 3F60E41A2E45CB1E0028705D /* Data Passing */;
			targetProxy = 3F60E4322E45CB200028705D /* PBXContainerItemProxy */;
		};
		3F60E43D2E45CB200028705D /* PBXTargetDependency */ = {
			isa = PBXTargetDependency;
			target = 3F60E41A2E45CB1E0028705D /* Data Passing */;
			targetProxy = 3F60E43C2E45CB200028705D /* PBXContainerItemProxy */;
		};
/* End PBXTargetDependency section */

/* Begin XCBuildConfiguration section */
		3F60E4452E45CB200028705D /* Debug */ = {
			isa = XCBuildConfiguration;
			buildSettings = {
				ASSETCATALOG_COMPILER_APPICON_NAME = AppIcon;
				ASSETCATALOG_COMPILER_GLOBAL_ACCENT_COLOR_NAME = AccentColor;
				CODE_SIGN_STYLE = Automatic;
				CURRENT_PROJECT_VERSION = 1;
				DEVELOPMENT_TEAM = 846W5YD232;
				GENERATE_INFOPLIST_FILE = YES;
				INFOPLIST_FILE = "Data Passing/Info.plist";
				INFOPLIST_KEY_UIApplicationSupportsIndirectInputEvents = YES;
				INFOPLIST_KEY_UILaunchStoryboardName = LaunchScreen;
				INFOPLIST_KEY_UIMainStoryboardFile = Main;
				INFOPLIST_KEY_UISupportedInterfaceOrientations_iPad = "UIInterfaceOrientationPortrait UIInterfaceOrientationPortraitUpsideDown UIInterfaceOrientationLandscapeLeft UIInterfaceOrientationLandscapeRight";
				INFOPLIST_KEY_UISupportedInterfaceOrientations_iPhone = "UIInterfaceOrientationPortrait UIInterfaceOrientationLandscapeLeft UIInterfaceOrientationLandscapeRight";
				LD_RUNPATH_SEARCH_PATHS = (
					"$(inherited)",
					"@executable_path/Frameworks",
				);
				MARKETING_VERSION = 1.0;
				PRODUCT_BUNDLE_IDENTIFIER = "Namir.Data-Passing";
				PRODUCT_NAME = "$(TARGET_NAME)";
				SWIFT_EMIT_LOC_STRINGS = YES;
				SWIFT_VERSION = 5.0;
				TARGETED_DEVICE_FAMILY = "1,2";
			};
			name = Debug;
		};
		3F60E4462E45CB200028705D /* Release */ = {
			isa = XCBuildConfiguration;
			buildSettings = {
				ASSETCATALOG_COMPILER_APPICON_NAME = AppIcon;
				ASSETCATALOG_COMPILER_GLOBAL_ACCENT_COLOR_NAME = AccentColor;
				CODE_SIGN_STYLE = Automatic;
				CURRENT_PROJECT_VERSION = 1;
				DEVELOPMENT_TEAM = 846W5YD232;
				GENERATE_INFOPLIST_FILE = YES;
				INFOPLIST_FILE = "Data Passing/Info.plist";
				INFOPLIST_KEY_UIApplicationSupportsIndirectInputEvents = YES;
				INFOPLIST_KEY_UILaunchStoryboardName = LaunchScreen;
				INFOPLIST_KEY_UIMainStoryboardFile = Main;
				INFOPLIST_KEY_UISupportedInterfaceOrientations_iPad = "UIInterfaceOrientationPortrait UIInterfaceOrientationPortraitUpsideDown UIInterfaceOrientationLandscapeLeft UIInterfaceOrientationLandscapeRight";
				INFOPLIST_KEY_UISupportedInterfaceOrientations_iPhone = "UIInterfaceOrientationPortrait UIInterfaceOrientationLandscapeLeft UIInterfaceOrientationLandscapeRight";
				LD_RUNPATH_SEARCH_PATHS = (
					"$(inherited)",
					"@executable_path/Frameworks",
				);
				MARKETING_VERSION = 1.0;
				PRODUCT_BUNDLE_IDENTIFIER = "Namir.Data-Passing";
				PRODUCT_NAME = "$(TARGET_NAME)";
				SWIFT_EMIT_LOC_STRINGS = YES;
				SWIFT_VERSION = 5.0;
				TARGETED_DEVICE_FAMILY = "1,2";
			};
			name = Release;
		};
		3F60E4472E45CB200028705D /* Debug */ = {
			isa = XCBuildConfiguration;
			buildSettings = {
				ALWAYS_SEARCH_USER_PATHS = NO;
				ASSETCATALOG_COMPILER_GENERATE_SWIFT_ASSET_SYMBOL_EXTENSIONS = YES;
				CLANG_ANALYZER_NONNULL = YES;
				CLANG_ANALYZER_NUMBER_OBJECT_CONVERSION = YES_AGGRESSIVE;
				CLANG_CXX_LANGUAGE_STANDARD = "gnu++20";
				CLANG_ENABLE_MODULES = YES;
				CLANG_ENABLE_OBJC_ARC = YES;
				CLANG_ENABLE_OBJC_WEAK = YES;
				CLANG_WARN_BLOCK_CAPTURE_AUTORELEASING = YES;
				CLANG_WARN_BOOL_CONVERSION = YES;
				CLANG_WARN_COMMA = YES;
				CLANG_WARN_CONSTANT_CONVERSION = YES;
				CLANG_WARN_DEPRECATED_OBJC_IMPLEMENTATIONS = YES;
				CLANG_WARN_DIRECT_OBJC_ISA_USAGE = YES_ERROR;
				CLANG_WARN_DOCUMENTATION_COMMENTS = YES;
				CLANG_WARN_EMPTY_BODY = YES;
				CLANG_WARN_ENUM_CONVERSION = YES;
				CLANG_WARN_INFINITE_RECURSION = YES;
				CLANG_WARN_INT_CONVERSION = YES;
				CLANG_WARN_NON_LITERAL_NULL_CONVERSION = YES;
				CLANG_WARN_OBJC_IMPLICIT_RETAIN_SELF = YES;
				CLANG_WARN_OBJC_LITERAL_CONVERSION = YES;
				CLANG_WARN_OBJC_ROOT_CLASS = YES_ERROR;
				CLANG_WARN_QUOTED_INCLUDE_IN_FRAMEWORK_HEADER = YES;
				CLANG_WARN_RANGE_LOOP_ANALYSIS = YES;
				CLANG_WARN_STRICT_PROTOTYPES = YES;
				CLANG_WARN_SUSPICIOUS_MOVE = YES;
				CLANG_WARN_UNGUARDED_AVAILABILITY = YES_AGGRESSIVE;
				CLANG_WARN_UNREACHABLE_CODE = YES;
				CLANG_WARN__DUPLICATE_METHOD_MATCH = YES;
				COPY_PHASE_STRIP = NO;
				DEBUG_INFORMATION_FORMAT = dwarf;
				DEVELOPMENT_TEAM = 846W5YD232;
				ENABLE_STRICT_OBJC_MSGSEND = YES;
				ENABLE_TESTABILITY = YES;
				ENABLE_USER_SCRIPT_SANDBOXING = YES;
				GCC_C_LANGUAGE_STANDARD = gnu17;
				GCC_DYNAMIC_NO_PIC = NO;
				GCC_NO_COMMON_BLOCKS = YES;
				GCC_OPTIMIZATION_LEVEL = 0;
				GCC_PREPROCESSOR_DEFINITIONS = (
					"DEBUG=1",
					"$(inherited)",
				);
				GCC_WARN_64_TO_32_BIT_CONVERSION = YES;
				GCC_WARN_ABOUT_RETURN_TYPE = YES_ERROR;
				GCC_WARN_UNDECLARED_SELECTOR = YES;
				GCC_WARN_UNINITIALIZED_AUTOS = YES_AGGRESSIVE;
				GCC_WARN_UNUSED_FUNCTION = YES;
				GCC_WARN_UNUSED_VARIABLE = YES;
				IPHONEOS_DEPLOYMENT_TARGET = 18.5;
				LOCALIZATION_PREFERS_STRING_CATALOGS = YES;
				MTL_ENABLE_DEBUG_INFO = INCLUDE_SOURCE;
				MTL_FAST_MATH = YES;
				ONLY_ACTIVE_ARCH = YES;
				SDKROOT = iphoneos;
				SWIFT_ACTIVE_COMPILATION_CONDITIONS = "DEBUG $(inherited)";
				SWIFT_OPTIMIZATION_LEVEL = "-Onone";
			};
			name = Debug;
		};
		3F60E4482E45CB200028705D /* Release */ = {
			isa = XCBuildConfiguration;
			buildSettings = {
				ALWAYS_SEARCH_USER_PATHS = NO;
				ASSETCATALOG_COMPILER_GENERATE_SWIFT_ASSET_SYMBOL_EXTENSIONS = YES;
				CLANG_ANALYZER_NONNULL = YES;
				CLANG_ANALYZER_NUMBER_OBJECT_CONVERSION = YES_AGGRESSIVE;
				CLANG_CXX_LANGUAGE_STANDARD = "gnu++20";
				CLANG_ENABLE_MODULES = YES;
				CLANG_ENABLE_OBJC_ARC = YES;
				CLANG_ENABLE_OBJC_WEAK = YES;
				CLANG_WARN_BLOCK_CAPTURE_AUTORELEASING = YES;
				CLANG_WARN_BOOL_CONVERSION = YES;
				CLANG_WARN_COMMA = YES;
				CLANG_WARN_CONSTANT_CONVERSION = YES;
				CLANG_WARN_DEPRECATED_OBJC_IMPLEMENTATIONS = YES;
				CLANG_WARN_DIRECT_OBJC_ISA_USAGE = YES_ERROR;
				CLANG_WARN_DOCUMENTATION_COMMENTS = YES;
				CLANG_WARN_EMPTY_BODY = YES;
				CLANG_WARN_ENUM_CONVERSION = YES;
				CLANG_WARN_INFINITE_RECURSION = YES;
				CLANG_WARN_INT_CONVERSION = YES;
				CLANG_WARN_NON_LITERAL_NULL_CONVERSION = YES;
				CLANG_WARN_OBJC_IMPLICIT_RETAIN_SELF = YES;
				CLANG_WARN_OBJC_LITERAL_CONVERSION = YES;
				CLANG_WARN_OBJC_ROOT_CLASS = YES_ERROR;
				CLANG_WARN_QUOTED_INCLUDE_IN_FRAMEWORK_HEADER = YES;
				CLANG_WARN_RANGE_LOOP_ANALYSIS = YES;
				CLANG_WARN_STRICT_PROTOTYPES = YES;
				CLANG_WARN_SUSPICIOUS_MOVE = YES;
				CLANG_WARN_UNGUARDED_AVAILABILITY = YES_AGGRESSIVE;
				CLANG_WARN_UNREACHABLE_CODE = YES;
				CLANG_WARN__DUPLICATE_METHOD_MATCH = YES;
				COPY_PHASE_STRIP = NO;
				DEBUG_INFORMATION_FORMAT = "dwarf-with-dsym";
				DEVELOPMENT_TEAM = 846W5YD232;
				ENABLE_NS_ASSERTIONS = NO;
				ENABLE_STRICT_OBJC_MSGSEND = YES;
				ENABLE_USER_SCRIPT_SANDBOXING = YES;
				GCC_C_LANGUAGE_STANDARD = gnu17;
				GCC_NO_COMMON_BLOCKS = YES;
				GCC_WARN_64_TO_32_BIT_CONVERSION = YES;
				GCC_WARN_ABOUT_RETURN_TYPE = YES_ERROR;
				GCC_WARN_UNDECLARED_SELECTOR = YES;
				GCC_WARN_UNINITIALIZED_AUTOS = YES_AGGRESSIVE;
				GCC_WARN_UNUSED_FUNCTION = YES;
				GCC_WARN_UNUSED_VARIABLE = YES;
				IPHONEOS_DEPLOYMENT_TARGET = 18.5;
				LOCALIZATION_PREFERS_STRING_CATALOGS = YES;
				MTL_ENABLE_DEBUG_INFO = NO;
				MTL_FAST_MATH = YES;
				SDKROOT = iphoneos;
				SWIFT_COMPILATION_MODE = wholemodule;
				VALIDATE_PRODUCT = YES;
			};
			name = Release;
		};
		3F60E44A2E45CB200028705D /* Debug */ = {
			isa = XCBuildConfiguration;
			buildSettings = {
				BUNDLE_LOADER = "$(TEST_HOST)";
				CODE_SIGN_STYLE = Automatic;
				CURRENT_PROJECT_VERSION = 1;
				DEVELOPMENT_TEAM = 846W5YD232;
				GENERATE_INFOPLIST_FILE = YES;
				IPHONEOS_DEPLOYMENT_TARGET = 18.5;
				MARKETING_VERSION = 1.0;
				PRODUCT_BUNDLE_IDENTIFIER = "Namir.Data-PassingTests";
				PRODUCT_NAME = "$(TARGET_NAME)";
				SWIFT_EMIT_LOC_STRINGS = NO;
				SWIFT_VERSION = 5.0;
				TARGETED_DEVICE_FAMILY = "1,2";
				TEST_HOST = "$(BUILT_PRODUCTS_DIR)/Data Passing.app/$(BUNDLE_EXECUTABLE_FOLDER_PATH)/Data Passing";
			};
			name = Debug;
		};
		3F60E44B2E45CB200028705D /* Release */ = {
			isa = XCBuildConfiguration;
			buildSettings = {
				BUNDLE_LOADER = "$(TEST_HOST)";
				CODE_SIGN_STYLE = Automatic;
				CURRENT_PROJECT_VERSION = 1;
				DEVELOPMENT_TEAM = 846W5YD232;
				GENERATE_INFOPLIST_FILE = YES;
				IPHONEOS_DEPLOYMENT_TARGET = 18.5;
				MARKETING_VERSION = 1.0;
				PRODUCT_BUNDLE_IDENTIFIER = "Namir.Data-PassingTests";
				PRODUCT_NAME = "$(TARGET_NAME)";
				SWIFT_EMIT_LOC_STRINGS = NO;
				SWIFT_VERSION = 5.0;
				TARGETED_DEVICE_FAMILY = "1,2";
				TEST_HOST = "$(BUILT_PRODUCTS_DIR)/Data Passing.app/$(BUNDLE_EXECUTABLE_FOLDER_PATH)/Data Passing";
			};
			name = Release;
		};
		3F60E44D2E45CB200028705D /* Debug */ = {
			isa = XCBuildConfiguration;
			buildSettings = {
				CODE_SIGN_STYLE = Automatic;
				CURRENT_PROJECT_VERSION = 1;
				DEVELOPMENT_TEAM = 846W5YD232;
				GENERATE_INFOPLIST_FILE = YES;
				MARKETING_VERSION = 1.0;
				PRODUCT_BUNDLE_IDENTIFIER = "Namir.Data-PassingUITests";
				PRODUCT_NAME = "$(TARGET_NAME)";
				SWIFT_EMIT_LOC_STRINGS = NO;
				SWIFT_VERSION = 5.0;
				TARGETED_DEVICE_FAMILY = "1,2";
				TEST_TARGET_NAME = "Data Passing";
			};
			name = Debug;
		};
		3F60E44E2E45CB200028705D /* Release */ = {
			isa = XCBuildConfiguration;
			buildSettings = {
				CODE_SIGN_STYLE = Automatic;
				CURRENT_PROJECT_VERSION = 1;
				DEVELOPMENT_TEAM = 846W5YD232;
				GENERATE_INFOPLIST_FILE = YES;
				MARKETING_VERSION = 1.0;
				PRODUCT_BUNDLE_IDENTIFIER = "Namir.Data-PassingUITests";
				PRODUCT_NAME = "$(TARGET_NAME)";
				SWIFT_EMIT_LOC_STRINGS = NO;
				SWIFT_VERSION = 5.0;
				TARGETED_DEVICE_FAMILY = "1,2";
				TEST_TARGET_NAME = "Data Passing";
			};
			name = Release;
		};
/* End XCBuildConfiguration section */

/* Begin XCConfigurationList section */
		3F60E4162E45CB1E0028705D /* Build configuration list for PBXProject "Data Passing" */ = {
			isa = XCConfigurationList;
			buildConfigurations = (
				3F60E4472E45CB200028705D /* Debug */,
				3F60E4482E45CB200028705D /* Release */,
			);
			defaultConfigurationIsVisible = 0;
			defaultConfigurationName = Release;
		};
		3F60E4442E45CB200028705D /* Build configuration list for PBXNativeTarget "Data Passing" */ = {
			isa = XCConfigurationList;
			buildConfigurations = (
				3F60E4452E45CB200028705D /* Debug */,
				3F60E4462E45CB200028705D /* Release */,
			);
			defaultConfigurationIsVisible = 0;
			defaultConfigurationName = Release;
		};
		3F60E4492E45CB200028705D /* Build configuration list for PBXNativeTarget "Data PassingTests" */ = {
			isa = XCConfigurationList;
			buildConfigurations = (
				3F60E44A2E45CB200028705D /* Debug */,
				3F60E44B2E45CB200028705D /* Release */,
			);
			defaultConfigurationIsVisible = 0;
			defaultConfigurationName = Release;
		};
		3F60E44C2E45CB200028705D /* Build configuration list for PBXNativeTarget "Data PassingUITests" */ = {
			isa = XCConfigurationList;
			buildConfigurations = (
				3F60E44D2E45CB200028705D /* Debug */,
				3F60E44E2E45CB200028705D /* Release */,
			);
			defaultConfigurationIsVisible = 0;
			defaultConfigurationName = Release;
		};
/* End XCConfigurationList section */
	};
	rootObject = 3F60E4132E45CB1E0028705D /* Project object */;
}
